// !$*UTF8*$!
{
	archiveVersion = 1;
	classes = {
	};
	objectVersion = 56;
	objects = {

/* Begin PBXBuildFile section */
		6CC9A9912A630ED900599A6D /* AppDelegate.swift in Sources */ = {isa = PBXBuildFile; fileRef = 6CC9A9902A630ED900599A6D /* AppDelegate.swift */; };
		6CC9A9932A630ED900599A6D /* SceneDelegate.swift in Sources */ = {isa = PBXBuildFile; fileRef = 6CC9A9922A630ED900599A6D /* SceneDelegate.swift */; };
		6CC9A9952A630ED900599A6D /* ViewController.swift in Sources */ = {isa = PBXBuildFile; fileRef = 6CC9A9942A630ED900599A6D /* ViewController.swift */; };
		6CC9A9982A630ED900599A6D /* Main.storyboard in Resources */ = {isa = PBXBuildFile; fileRef = 6CC9A9962A630ED900599A6D /* Main.storyboard */; };
		6CC9A99A2A630EDA00599A6D /* Assets.xcassets in Resources */ = {isa = PBXBuildFile; fileRef = 6CC9A9992A630EDA00599A6D /* Assets.xcassets */; };
		6CC9A99D2A630EDA00599A6D /* LaunchScreen.storyboard in Resources */ = {isa = PBXBuildFile; fileRef = 6CC9A99B2A630EDA00599A6D /* LaunchScreen.storyboard */; };
		6CC9A9A82A630EDA00599A6D /* ItemsList_TransitionTests.swift in Sources */ = {isa = PBXBuildFile; fileRef = 6CC9A9A72A630EDA00599A6D /* ItemsList_TransitionTests.swift */; };
		6CC9A9B22A630EDA00599A6D /* ItemsList_TransitionUITests.swift in Sources */ = {isa = PBXBuildFile; fileRef = 6CC9A9B12A630EDA00599A6D /* ItemsList_TransitionUITests.swift */; };
		6CC9A9B42A630EDA00599A6D /* ItemsList_TransitionUITestsLaunchTests.swift in Sources */ = {isa = PBXBuildFile; fileRef = 6CC9A9B32A630EDA00599A6D /* ItemsList_TransitionUITestsLaunchTests.swift */; };
/* End PBXBuildFile section */

/* Begin PBXContainerItemProxy section */
		6CC9A9A42A630EDA00599A6D /* PBXContainerItemProxy */ = {
			isa = PBXContainerItemProxy;
			containerPortal = 6CC9A9852A630ED900599A6D /* Project object */;
			proxyType = 1;
			remoteGlobalIDString = 6CC9A98C2A630ED900599A6D;
			remoteInfo = ItemsList_Transition;
		};
		6CC9A9AE2A630EDA00599A6D /* PBXContainerItemProxy */ = {
			isa = PBXContainerItemProxy;
			containerPortal = 6CC9A9852A630ED900599A6D /* Project object */;
			proxyType = 1;
			remoteGlobalIDString = 6CC9A98C2A630ED900599A6D;
			remoteInfo = ItemsList_Transition;
		};
/* End PBXContainerItemProxy section */

/* Begin PBXFileReference section */
		6CC9A98D2A630ED900599A6D /* ItemsList_Transition.app */ = {isa = PBXFileReference; explicitFileType = wrapper.application; includeInIndex = 0; path = ItemsList_Transition.app; sourceTree = BUILT_PRODUCTS_DIR; };
		6CC9A9902A630ED900599A6D /* AppDelegate.swift */ = {isa = PBXFileReference; lastKnownFileType = sourcecode.swift; path = AppDelegate.swift; sourceTree = "<group>"; };
		6CC9A9922A630ED900599A6D /* SceneDelegate.swift */ = {isa = PBXFileReference; lastKnownFileType = sourcecode.swift; path = SceneDelegate.swift; sourceTree = "<group>"; };
		6CC9A9942A630ED900599A6D /* ViewController.swift */ = {isa = PBXFileReference; lastKnownFileType = sourcecode.swift; path = ViewController.swift; sourceTree = "<group>"; };
		6CC9A9972A630ED900599A6D /* Base */ = {isa = PBXFileReference; lastKnownFileType = file.storyboard; name = Base; path = Base.lproj/Main.storyboard; sourceTree = "<group>"; };
		6CC9A9992A630EDA00599A6D /* Assets.xcassets */ = {isa = PBXFileReference; lastKnownFileType = folder.assetcatalog; path = Assets.xcassets; sourceTree = "<group>"; };
		6CC9A99C2A630EDA00599A6D /* Base */ = {isa = PBXFileReference; lastKnownFileType = file.storyboard; name = Base; path = Base.lproj/LaunchScreen.storyboard; sourceTree = "<group>"; };
		6CC9A99E2A630EDA00599A6D /* Info.plist */ = {isa = PBXFileReference; lastKnownFileType = text.plist.xml; path = Info.plist; sourceTree = "<group>"; };
		6CC9A9A32A630EDA00599A6D /* ItemsList_TransitionTests.xctest */ = {isa = PBXFileReference; explicitFileType = wrapper.cfbundle; includeInIndex = 0; path = ItemsList_TransitionTests.xctest; sourceTree = BUILT_PRODUCTS_DIR; };
		6CC9A9A72A630EDA00599A6D /* ItemsList_TransitionTests.swift */ = {isa = PBXFileReference; lastKnownFileType = sourcecode.swift; path = ItemsList_TransitionTests.swift; sourceTree = "<group>"; };
		6CC9A9AD2A630EDA00599A6D /* ItemsList_TransitionUITests.xctest */ = {isa = PBXFileReference; explicitFileType = wrapper.cfbundle; includeInIndex = 0; path = ItemsList_TransitionUITests.xctest; sourceTree = BUILT_PRODUCTS_DIR; };
		6CC9A9B12A630EDA00599A6D /* ItemsList_TransitionUITests.swift */ = {isa = PBXFileReference; lastKnownFileType = sourcecode.swift; path = ItemsList_TransitionUITests.swift; sourceTree = "<group>"; };
		6CC9A9B32A630EDA00599A6D /* ItemsList_TransitionUITestsLaunchTests.swift */ = {isa = PBXFileReference; lastKnownFileType = sourcecode.swift; path = ItemsList_TransitionUITestsLaunchTests.swift; sourceTree = "<group>"; };
/* End PBXFileReference section */

/* Begin PBXFrameworksBuildPhase section */
		6CC9A98A2A630ED900599A6D /* Frameworks */ = {
			isa = PBXFrameworksBuildPhase;
			buildActionMask = 2147483647;
			files = (
			);
			runOnlyForDeploymentPostprocessing = 0;
		};
		6CC9A9A02A630EDA00599A6D /* Frameworks */ = {
			isa = PBXFrameworksBuildPhase;
			buildActionMask = 2147483647;
			files = (
			);
			runOnlyForDeploymentPostprocessing = 0;
		};
		6CC9A9AA2A630EDA00599A6D /* Frameworks */ = {
			isa = PBXFrameworksBuildPhase;
			buildActionMask = 2147483647;
			files = (
			);
			runOnlyForDeploymentPostprocessing = 0;
		};
/* End PBXFrameworksBuildPhase section */

/* Begin PBXGroup section */
		6CC9A9842A630ED900599A6D = {
			isa = PBXGroup;
			children = (
				6CC9A98F2A630ED900599A6D /* ItemsList_Transition */,
				6CC9A9A62A630EDA00599A6D /* ItemsList_TransitionTests */,
				6CC9A9B02A630EDA00599A6D /* ItemsList_TransitionUITests */,
				6CC9A98E2A630ED900599A6D /* Products */,
			);
			sourceTree = "<group>";
		};
		6CC9A98E2A630ED900599A6D /* Products */ = {
			isa = PBXGroup;
			children = (
				6CC9A98D2A630ED900599A6D /* ItemsList_Transition.app */,
				6CC9A9A32A630EDA00599A6D /* ItemsList_TransitionTests.xctest */,
				6CC9A9AD2A630EDA00599A6D /* ItemsList_TransitionUITests.xctest */,
			);
			name = Products;
			sourceTree = "<group>";
		};
		6CC9A98F2A630ED900599A6D /* ItemsList_Transition */ = {
			isa = PBXGroup;
			children = (
				6CC9A9902A630ED900599A6D /* AppDelegate.swift */,
				6CC9A9922A630ED900599A6D /* SceneDelegate.swift */,
				6CC9A9942A630ED900599A6D /* ViewController.swift */,
				6CC9A9962A630ED900599A6D /* Main.storyboard */,
				6CC9A9992A630EDA00599A6D /* Assets.xcassets */,
				6CC9A99B2A630EDA00599A6D /* LaunchScreen.storyboard */,
				6CC9A99E2A630EDA00599A6D /* Info.plist */,
			);
			path = ItemsList_Transition;
			sourceTree = "<group>";
		};
		6CC9A9A62A630EDA00599A6D /* ItemsList_TransitionTests */ = {
			isa = PBXGroup;
			children = (
				6CC9A9A72A630EDA00599A6D /* ItemsList_TransitionTests.swift */,
			);
			path = ItemsList_TransitionTests;
			sourceTree = "<group>";
		};
		6CC9A9B02A630EDA00599A6D /* ItemsList_TransitionUITests */ = {
			isa = PBXGroup;
			children = (
				6CC9A9B12A630EDA00599A6D /* ItemsList_TransitionUITests.swift */,
				6CC9A9B32A630EDA00599A6D /* ItemsList_TransitionUITestsLaunchTests.swift */,
			);
			path = ItemsList_TransitionUITests;
			sourceTree = "<group>";
		};
/* End PBXGroup section */

/* Begin PBXNativeTarget section */
		6CC9A98C2A630ED900599A6D /* ItemsList_Transition */ = {
			isa = PBXNativeTarget;
			buildConfigurationList = 6CC9A9B72A630EDA00599A6D /* Build configuration list for PBXNativeTarget "ItemsList_Transition" */;
			buildPhases = (
				6CC9A9892A630ED900599A6D /* Sources */,
				6CC9A98A2A630ED900599A6D /* Frameworks */,
				6CC9A98B2A630ED900599A6D /* Resources */,
			);
			buildRules = (
			);
			dependencies = (
			);
			name = ItemsList_Transition;
			productName = ItemsList_Transition;
			productReference = 6CC9A98D2A630ED900599A6D /* ItemsList_Transition.app */;
			productType = "com.apple.product-type.application";
		};
		6CC9A9A22A630EDA00599A6D /* ItemsList_TransitionTests */ = {
			isa = PBXNativeTarget;
			buildConfigurationList = 6CC9A9BA2A630EDA00599A6D /* Build configuration list for PBXNativeTarget "ItemsList_TransitionTests" */;
			buildPhases = (
				6CC9A99F2A630EDA00599A6D /* Sources */,
				6CC9A9A02A630EDA00599A6D /* Frameworks */,
				6CC9A9A12A630EDA00599A6D /* Resources */,
			);
			buildRules = (
			);
			dependencies = (
				6CC9A9A52A630EDA00599A6D /* PBXTargetDependency */,
			);
			name = ItemsList_TransitionTests;
			productName = ItemsList_TransitionTests;
			productReference = 6CC9A9A32A630EDA00599A6D /* ItemsList_TransitionTests.xctest */;
			productType = "com.apple.product-type.bundle.unit-test";
		};
		6CC9A9AC2A630EDA00599A6D /* ItemsList_TransitionUITests */ = {
			isa = PBXNativeTarget;
			buildConfigurationList = 6CC9A9BD2A630EDA00599A6D /* Build configuration list for PBXNativeTarget "ItemsList_TransitionUITests" */;
			buildPhases = (
				6CC9A9A92A630EDA00599A6D /* Sources */,
				6CC9A9AA2A630EDA00599A6D /* Frameworks */,
				6CC9A9AB2A630EDA00599A6D /* Resources */,
			);
			buildRules = (
			);
			dependencies = (
				6CC9A9AF2A630EDA00599A6D /* PBXTargetDependency */,
			);
			name = ItemsList_TransitionUITests;
			productName = ItemsList_TransitionUITests;
			productReference = 6CC9A9AD2A630EDA00599A6D /* ItemsList_TransitionUITests.xctest */;
			productType = "com.apple.product-type.bundle.ui-testing";
		};
/* End PBXNativeTarget section */

/* Begin PBXProject section */
		6CC9A9852A630ED900599A6D /* Project object */ = {
			isa = PBXProject;
			attributes = {
				BuildIndependentTargetsInParallel = 1;
				LastSwiftUpdateCheck = 1400;
				LastUpgradeCheck = 1400;
				TargetAttributes = {
					6CC9A98C2A630ED900599A6D = {
						CreatedOnToolsVersion = 14.0.1;
					};
					6CC9A9A22A630EDA00599A6D = {
						CreatedOnToolsVersion = 14.0.1;
						TestTargetID = 6CC9A98C2A630ED900599A6D;
					};
					6CC9A9AC2A630EDA00599A6D = {
						CreatedOnToolsVersion = 14.0.1;
						TestTargetID = 6CC9A98C2A630ED900599A6D;
					};
				};
			};
			buildConfigurationList = 6CC9A9882A630ED900599A6D /* Build configuration list for PBXProject "ItemsList_Transition" */;
			compatibilityVersion = "Xcode 14.0";
			developmentRegion = en;
			hasScannedForEncodings = 0;
			knownRegions = (
				en,
				Base,
			);
			mainGroup = 6CC9A9842A630ED900599A6D;
			productRefGroup = 6CC9A98E2A630ED900599A6D /* Products */;
			projectDirPath = "";
			projectRoot = "";
			targets = (
				6CC9A98C2A630ED900599A6D /* ItemsList_Transition */,
				6CC9A9A22A630EDA00599A6D /* ItemsList_TransitionTests */,
				6CC9A9AC2A630EDA00599A6D /* ItemsList_TransitionUITests */,
			);
		};
/* End PBXProject section */

/* Begin PBXResourcesBuildPhase section */
		6CC9A98B2A630ED900599A6D /* Resources */ = {
			isa = PBXResourcesBuildPhase;
			buildActionMask = 2147483647;
			files = (
				6CC9A99D2A630EDA00599A6D /* LaunchScreen.storyboard in Resources */,
				6CC9A99A2A630EDA00599A6D /* Assets.xcassets in Resources */,
				6CC9A9982A630ED900599A6D /* Main.storyboard in Resources */,
			);
			runOnlyForDeploymentPostprocessing = 0;
		};
		6CC9A9A12A630EDA00599A6D /* Resources */ = {
			isa = PBXResourcesBuildPhase;
			buildActionMask = 2147483647;
			files = (
			);
			runOnlyForDeploymentPostprocessing = 0;
		};
		6CC9A9AB2A630EDA00599A6D /* Resources */ = {
			isa = PBXResourcesBuildPhase;
			buildActionMask = 2147483647;
			files = (
			);
			runOnlyForDeploymentPostprocessing = 0;
		};
/* End PBXResourcesBuildPhase section */

/* Begin PBXSourcesBuildPhase section */
		6CC9A9892A630ED900599A6D /* Sources */ = {
			isa = PBXSourcesBuildPhase;
			buildActionMask = 2147483647;
			files = (
				6CC9A9952A630ED900599A6D /* ViewController.swift in Sources */,
				6CC9A9912A630ED900599A6D /* AppDelegate.swift in Sources */,
				6CC9A9932A630ED900599A6D /* SceneDelegate.swift in Sources */,
			);
			runOnlyForDeploymentPostprocessing = 0;
		};
		6CC9A99F2A630EDA00599A6D /* Sources */ = {
			isa = PBXSourcesBuildPhase;
			buildActionMask = 2147483647;
			files = (
				6CC9A9A82A630EDA00599A6D /* ItemsList_TransitionTests.swift in Sources */,
			);
			runOnlyForDeploymentPostprocessing = 0;
		};
		6CC9A9A92A630EDA00599A6D /* Sources */ = {
			isa = PBXSourcesBuildPhase;
			buildActionMask = 2147483647;
			files = (
				6CC9A9B42A630EDA00599A6D /* ItemsList_TransitionUITestsLaunchTests.swift in Sources */,
				6CC9A9B22A630EDA00599A6D /* ItemsList_TransitionUITests.swift in Sources */,
			);
			runOnlyForDeploymentPostprocessing = 0;
		};
/* End PBXSourcesBuildPhase section */

/* Begin PBXTargetDependency section */
		6CC9A9A52A630EDA00599A6D /* PBXTargetDependency */ = {
			isa = PBXTargetDependency;
			target = 6CC9A98C2A630ED900599A6D /* ItemsList_Transition */;
			targetProxy = 6CC9A9A42A630EDA00599A6D /* PBXContainerItemProxy */;
		};
		6CC9A9AF2A630EDA00599A6D /* PBXTargetDependency */ = {
			isa = PBXTargetDependency;
			target = 6CC9A98C2A630ED900599A6D /* ItemsList_Transition */;
			targetProxy = 6CC9A9AE2A630EDA00599A6D /* PBXContainerItemProxy */;
		};
/* End PBXTargetDependency section */

/* Begin PBXVariantGroup section */
		6CC9A9962A630ED900599A6D /* Main.storyboard */ = {
			isa = PBXVariantGroup;
			children = (
				6CC9A9972A630ED900599A6D /* Base */,
			);
			name = Main.storyboard;
			sourceTree = "<group>";
		};
		6CC9A99B2A630EDA00599A6D /* LaunchScreen.storyboard */ = {
			isa = PBXVariantGroup;
			children = (
				6CC9A99C2A630EDA00599A6D /* Base */,
			);
			name = LaunchScreen.storyboard;
			sourceTree = "<group>";
		};
/* End PBXVariantGroup section */

/* Begin XCBuildConfiguration section */
		6CC9A9B52A630EDA00599A6D /* Debug */ = {
			isa = XCBuildConfiguration;
			buildSettings = {
				ALWAYS_SEARCH_USER_PATHS = NO;
				CLANG_ANALYZER_NONNULL = YES;
				CLANG_ANALYZER_NUMBER_OBJECT_CONVERSION = YES_AGGRESSIVE;
				CLANG_CXX_LANGUAGE_STANDARD = "gnu++20";
				CLANG_ENABLE_MODULES = YES;
				CLANG_ENABLE_OBJC_ARC = YES;
				CLANG_ENABLE_OBJC_WEAK = YES;
				CLANG_WARN_BLOCK_CAPTURE_AUTORELEASING = YES;
				CLANG_WARN_BOOL_CONVERSION = YES;
				CLANG_WARN_COMMA = YES;
				CLANG_WARN_CONSTANT_CONVERSION = YES;
				CLANG_WARN_DEPRECATED_OBJC_IMPLEMENTATIONS = YES;
				CLANG_WARN_DIRECT_OBJC_ISA_USAGE = YES_ERROR;
				CLANG_WARN_DOCUMENTATION_COMMENTS = YES;
				CLANG_WARN_EMPTY_BODY = YES;
				CLANG_WARN_ENUM_CONVERSION = YES;
				CLANG_WARN_INFINITE_RECURSION = YES;
				CLANG_WARN_INT_CONVERSION = YES;
				CLANG_WARN_NON_LITERAL_NULL_CONVERSION = YES;
				CLANG_WARN_OBJC_IMPLICIT_RETAIN_SELF = YES;
				CLANG_WARN_OBJC_LITERAL_CONVERSION = YES;
				CLANG_WARN_OBJC_ROOT_CLASS = YES_ERROR;
				CLANG_WARN_QUOTED_INCLUDE_IN_FRAMEWORK_HEADER = YES;
				CLANG_WARN_RANGE_LOOP_ANALYSIS = YES;
				CLANG_WARN_STRICT_PROTOTYPES = YES;
				CLANG_WARN_SUSPICIOUS_MOVE = YES;
				CLANG_WARN_UNGUARDED_AVAILABILITY = YES_AGGRESSIVE;
				CLANG_WARN_UNREACHABLE_CODE = YES;
				CLANG_WARN__DUPLICATE_METHOD_MATCH = YES;
				COPY_PHASE_STRIP = NO;
				DEBUG_INFORMATION_FORMAT = dwarf;
				ENABLE_STRICT_OBJC_MSGSEND = YES;
				ENABLE_TESTABILITY = YES;
				GCC_C_LANGUAGE_STANDARD = gnu11;
				GCC_DYNAMIC_NO_PIC = NO;
				GCC_NO_COMMON_BLOCKS = YES;
				GCC_OPTIMIZATION_LEVEL = 0;
				GCC_PREPROCESSOR_DEFINITIONS = (
					"DEBUG=1",
					"$(inherited)",
				);
				GCC_WARN_64_TO_32_BIT_CONVERSION = YES;
				GCC_WARN_ABOUT_RETURN_TYPE = YES_ERROR;
				GCC_WARN_UNDECLARED_SELECTOR = YES;
				GCC_WARN_UNINITIALIZED_AUTOS = YES_AGGRESSIVE;
				GCC_WARN_UNUSED_FUNCTION = YES;
				GCC_WARN_UNUSED_VARIABLE = YES;
				IPHONEOS_DEPLOYMENT_TARGET = 16.0;
				MTL_ENABLE_DEBUG_INFO = INCLUDE_SOURCE;
				MTL_FAST_MATH = YES;
				ONLY_ACTIVE_ARCH = YES;
				SDKROOT = iphoneos;
				SWIFT_ACTIVE_COMPILATION_CONDITIONS = DEBUG;
				SWIFT_OPTIMIZATION_LEVEL = "-Onone";
			};
			name = Debug;
		};
		6CC9A9B62A630EDA00599A6D /* Release */ = {
			isa = XCBuildConfiguration;
			buildSettings = {
				ALWAYS_SEARCH_USER_PATHS = NO;
				CLANG_ANALYZER_NONNULL = YES;
				CLANG_ANALYZER_NUMBER_OBJECT_CONVERSION = YES_AGGRESSIVE;
				CLANG_CXX_LANGUAGE_STANDARD = "gnu++20";
				CLANG_ENABLE_MODULES = YES;
				CLANG_ENABLE_OBJC_ARC = YES;
				CLANG_ENABLE_OBJC_WEAK = YES;
				CLANG_WARN_BLOCK_CAPTURE_AUTORELEASING = YES;
				CLANG_WARN_BOOL_CONVERSION = YES;
				CLANG_WARN_COMMA = YES;
				CLANG_WARN_CONSTANT_CONVERSION = YES;
				CLANG_WARN_DEPRECATED_OBJC_IMPLEMENTATIONS = YES;
				CLANG_WARN_DIRECT_OBJC_ISA_USAGE = YES_ERROR;
				CLANG_WARN_DOCUMENTATION_COMMENTS = YES;
				CLANG_WARN_EMPTY_BODY = YES;
				CLANG_WARN_ENUM_CONVERSION = YES;
				CLANG_WARN_INFINITE_RECURSION = YES;
				CLANG_WARN_INT_CONVERSION = YES;
				CLANG_WARN_NON_LITERAL_NULL_CONVERSION = YES;
				CLANG_WARN_OBJC_IMPLICIT_RETAIN_SELF = YES;
				CLANG_WARN_OBJC_LITERAL_CONVERSION = YES;
				CLANG_WARN_OBJC_ROOT_CLASS = YES_ERROR;
				CLANG_WARN_QUOTED_INCLUDE_IN_FRAMEWORK_HEADER = YES;
				CLANG_WARN_RANGE_LOOP_ANALYSIS = YES;
				CLANG_WARN_STRICT_PROTOTYPES = YES;
				CLANG_WARN_SUSPICIOUS_MOVE = YES;
				CLANG_WARN_UNGUARDED_AVAILABILITY = YES_AGGRESSIVE;
				CLANG_WARN_UNREACHABLE_CODE = YES;
				CLANG_WARN__DUPLICATE_METHOD_MATCH = YES;
				COPY_PHASE_STRIP = NO;
				DEBUG_INFORMATION_FORMAT = "dwarf-with-dsym";
				ENABLE_NS_ASSERTIONS = NO;
				ENABLE_STRICT_OBJC_MSGSEND = YES;
				GCC_C_LANGUAGE_STANDARD = gnu11;
				GCC_NO_COMMON_BLOCKS = YES;
				GCC_WARN_64_TO_32_BIT_CONVERSION = YES;
				GCC_WARN_ABOUT_RETURN_TYPE = YES_ERROR;
				GCC_WARN_UNDECLARED_SELECTOR = YES;
				GCC_WARN_UNINITIALIZED_AUTOS = YES_AGGRESSIVE;
				GCC_WARN_UNUSED_FUNCTION = YES;
				GCC_WARN_UNUSED_VARIABLE = YES;
				IPHONEOS_DEPLOYMENT_TARGET = 16.0;
				MTL_ENABLE_DEBUG_INFO = NO;
				MTL_FAST_MATH = YES;
				SDKROOT = iphoneos;
				SWIFT_COMPILATION_MODE = wholemodule;
				SWIFT_OPTIMIZATION_LEVEL = "-O";
				VALIDATE_PRODUCT = YES;
			};
			name = Release;
		};
		6CC9A9B82A630EDA00599A6D /* Debug */ = {
			isa = XCBuildConfiguration;
			buildSettings = {
				ASSETCATALOG_COMPILER_APPICON_NAME = AppIcon;
				ASSETCATALOG_COMPILER_GLOBAL_ACCENT_COLOR_NAME = AccentColor;
				CODE_SIGN_STYLE = Automatic;
				CURRENT_PROJECT_VERSION = 1;
				DEVELOPMENT_TEAM = P96Y7H372U;
				GENERATE_INFOPLIST_FILE = YES;
				INFOPLIST_FILE = ItemsList_Transition/Info.plist;
				INFOPLIST_KEY_UIApplicationSupportsIndirectInputEvents = YES;
				INFOPLIST_KEY_UILaunchStoryboardName = LaunchScreen;
				INFOPLIST_KEY_UIMainStoryboardFile = Main;
				INFOPLIST_KEY_UISupportedInterfaceOrientations_iPad = "UIInterfaceOrientationPortrait UIInterfaceOrientationPortraitUpsideDown UIInterfaceOrientationLandscapeLeft UIInterfaceOrientationLandscapeRight";
				INFOPLIST_KEY_UISupportedInterfaceOrientations_iPhone = "UIInterfaceOrientationPortrait UIInterfaceOrientationLandscapeLeft UIInterfaceOrientationLandscapeRight";
				LD_RUNPATH_SEARCH_PATHS = (
					"$(inherited)",
					"@executable_path/Frameworks",
				);
				MARKETING_VERSION = 1.0;
				PRODUCT_BUNDLE_IDENTIFIER = "MyProject.ItemsList-Transition";
				PRODUCT_NAME = "$(TARGET_NAME)";
				SWIFT_EMIT_LOC_STRINGS = YES;
				SWIFT_VERSION = 5.0;
				TARGETED_DEVICE_FAMILY = "1,2";
			};
			name = Debug;
		};
		6CC9A9B92A630EDA00599A6D /* Release */ = {
			isa = XCBuildConfiguration;
			buildSettings = {
				ASSETCATALOG_COMPILER_APPICON_NAME = AppIcon;
				ASSETCATALOG_COMPILER_GLOBAL_ACCENT_COLOR_NAME = AccentColor;
				CODE_SIGN_STYLE = Automatic;
				CURRENT_PROJECT_VERSION = 1;
				DEVELOPMENT_TEAM = P96Y7H372U;
				GENERATE_INFOPLIST_FILE = YES;
				INFOPLIST_FILE = ItemsList_Transition/Info.plist;
				INFOPLIST_KEY_UIApplicationSupportsIndirectInputEvents = YES;
				INFOPLIST_KEY_UILaunchStoryboardName = LaunchScreen;
				INFOPLIST_KEY_UIMainStoryboardFile = Main;
				INFOPLIST_KEY_UISupportedInterfaceOrientations_iPad = "UIInterfaceOrientationPortrait UIInterfaceOrientationPortraitUpsideDown UIInterfaceOrientationLandscapeLeft UIInterfaceOrientationLandscapeRight";
				INFOPLIST_KEY_UISupportedInterfaceOrientations_iPhone = "UIInterfaceOrientationPortrait UIInterfaceOrientationLandscapeLeft UIInterfaceOrientationLandscapeRight";
				LD_RUNPATH_SEARCH_PATHS = (
					"$(inherited)",
					"@executable_path/Frameworks",
				);
				MARKETING_VERSION = 1.0;
				PRODUCT_BUNDLE_IDENTIFIER = "MyProject.ItemsList-Transition";
				PRODUCT_NAME = "$(TARGET_NAME)";
				SWIFT_EMIT_LOC_STRINGS = YES;
				SWIFT_VERSION = 5.0;
				TARGETED_DEVICE_FAMILY = "1,2";
			};
			name = Release;
		};
		6CC9A9BB2A630EDA00599A6D /* Debug */ = {
			isa = XCBuildConfiguration;
			buildSettings = {
				ALWAYS_EMBED_SWIFT_STANDARD_LIBRARIES = YES;
				BUNDLE_LOADER = "$(TEST_HOST)";
				CODE_SIGN_STYLE = Automatic;
				CURRENT_PROJECT_VERSION = 1;
				DEVELOPMENT_TEAM = P96Y7H372U;
				GENERATE_INFOPLIST_FILE = YES;
				IPHONEOS_DEPLOYMENT_TARGET = 16.0;
				MARKETING_VERSION = 1.0;
				PRODUCT_BUNDLE_IDENTIFIER = "MyProject.ItemsList-TransitionTests";
				PRODUCT_NAME = "$(TARGET_NAME)";
				SWIFT_EMIT_LOC_STRINGS = NO;
				SWIFT_VERSION = 5.0;
				TARGETED_DEVICE_FAMILY = "1,2";
				TEST_HOST = "$(BUILT_PRODUCTS_DIR)/ItemsList_Transition.app/$(BUNDLE_EXECUTABLE_FOLDER_PATH)/ItemsList_Transition";
			};
			name = Debug;
		};
		6CC9A9BC2A630EDA00599A6D /* Release */ = {
			isa = XCBuildConfiguration;
			buildSettings = {
				ALWAYS_EMBED_SWIFT_STANDARD_LIBRARIES = YES;
				BUNDLE_LOADER = "$(TEST_HOST)";
				CODE_SIGN_STYLE = Automatic;
				CURRENT_PROJECT_VERSION = 1;
				DEVELOPMENT_TEAM = P96Y7H372U;
				GENERATE_INFOPLIST_FILE = YES;
				IPHONEOS_DEPLOYMENT_TARGET = 16.0;
				MARKETING_VERSION = 1.0;
				PRODUCT_BUNDLE_IDENTIFIER = "MyProject.ItemsList-TransitionTests";
				PRODUCT_NAME = "$(TARGET_NAME)";
				SWIFT_EMIT_LOC_STRINGS = NO;
				SWIFT_VERSION = 5.0;
				TARGETED_DEVICE_FAMILY = "1,2";
				TEST_HOST = "$(BUILT_PRODUCTS_DIR)/ItemsList_Transition.app/$(BUNDLE_EXECUTABLE_FOLDER_PATH)/ItemsList_Transition";
			};
			name = Release;
		};
		6CC9A9BE2A630EDA00599A6D /* Debug */ = {
			isa = XCBuildConfiguration;
			buildSettings = {
				ALWAYS_EMBED_SWIFT_STANDARD_LIBRARIES = YES;
				CODE_SIGN_STYLE = Automatic;
				CURRENT_PROJECT_VERSION = 1;
				DEVELOPMENT_TEAM = P96Y7H372U;
				GENERATE_INFOPLIST_FILE = YES;
				MARKETING_VERSION = 1.0;
				PRODUCT_BUNDLE_IDENTIFIER = "MyProject.ItemsList-TransitionUITests";
				PRODUCT_NAME = "$(TARGET_NAME)";
				SWIFT_EMIT_LOC_STRINGS = NO;
				SWIFT_VERSION = 5.0;
				TARGETED_DEVICE_FAMILY = "1,2";
				TEST_TARGET_NAME = ItemsList_Transition;
			};
			name = Debug;
		};
		6CC9A9BF2A630EDA00599A6D /* Release */ = {
			isa = XCBuildConfiguration;
			buildSettings = {
				ALWAYS_EMBED_SWIFT_STANDARD_LIBRARIES = YES;
				CODE_SIGN_STYLE = Automatic;
				CURRENT_PROJECT_VERSION = 1;
				DEVELOPMENT_TEAM = P96Y7H372U;
				GENERATE_INFOPLIST_FILE = YES;
				MARKETING_VERSION = 1.0;
				PRODUCT_BUNDLE_IDENTIFIER = "MyProject.ItemsList-TransitionUITests";
				PRODUCT_NAME = "$(TARGET_NAME)";
				SWIFT_EMIT_LOC_STRINGS = NO;
				SWIFT_VERSION = 5.0;
				TARGETED_DEVICE_FAMILY = "1,2";
				TEST_TARGET_NAME = ItemsList_Transition;
			};
			name = Release;
		};
/* End XCBuildConfiguration section */

/* Begin XCConfigurationList section */
		6CC9A9882A630ED900599A6D /* Build configuration list for PBXProject "ItemsList_Transition" */ = {
			isa = XCConfigurationList;
			buildConfigurations = (
				6CC9A9B52A630EDA00599A6D /* Debug */,
				6CC9A9B62A630EDA00599A6D /* Release */,
			);
			defaultConfigurationIsVisible = 0;
			defaultConfigurationName = Release;
		};
		6CC9A9B72A630EDA00599A6D /* Build configuration list for PBXNativeTarget "ItemsList_Transition" */ = {
			isa = XCConfigurationList;
			buildConfigurations = (
				6CC9A9B82A630EDA00599A6D /* Debug */,
				6CC9A9B92A630EDA00599A6D /* Release */,
			);
			defaultConfigurationIsVisible = 0;
			defaultConfigurationName = Release;
		};
		6CC9A9BA2A630EDA00599A6D /* Build configuration list for PBXNativeTarget "ItemsList_TransitionTests" */ = {
			isa = XCConfigurationList;
			buildConfigurations = (
				6CC9A9BB2A630EDA00599A6D /* Debug */,
				6CC9A9BC2A630EDA00599A6D /* Release */,
			);
			defaultConfigurationIsVisible = 0;
			defaultConfigurationName = Release;
		};
		6CC9A9BD2A630EDA00599A6D /* Build configuration list for PBXNativeTarget "ItemsList_TransitionUITests" */ = {
			isa = XCConfigurationList;
			buildConfigurations = (
				6CC9A9BE2A630EDA00599A6D /* Debug */,
				6CC9A9BF2A630EDA00599A6D /* Release */,
			);
			defaultConfigurationIsVisible = 0;
			defaultConfigurationName = Release;
		};
/* End XCConfigurationList section */
	};
	rootObject = 6CC9A9852A630ED900599A6D /* Project object */;
}
