// !$*UTF8*$!
{
	archiveVersion = 1;
	classes = {
	};
	objectVersion = 56;
	objects = {

/* Begin PBXBuildFile section */
		6CC9A9912A630ED900599A6D /* AppDelegate.swift in Sources */ = {isa = PBXBuildFile; fileRef = 6CC9A9902A630ED900599A6D /* AppDelegate.swift */; };
		6CC9A9932A630ED900599A6D /* SceneDelegate.swift in Sources */ = {isa = PBXBuildFile; fileRef = 6CC9A9922A630ED900599A6D /* SceneDelegate.swift */; };
		6CC9A99A2A630EDA00599A6D /* Assets.xcassets in Resources */ = {isa = PBXBuildFile; fileRef = 6CC9A9992A630EDA00599A6D /* Assets.xcassets */; };
		6CC9A99D2A630EDA00599A6D /* LaunchScreen.storyboard in Resources */ = {isa = PBXBuildFile; fileRef = 6CC9A99B2A630EDA00599A6D /* LaunchScreen.storyboard */; };
		6CC9A9A82A630EDA00599A6D /* ItemsList_TransitionTests.swift in Sources */ = {isa = PBXBuildFile; fileRef = 6CC9A9A72A630EDA00599A6D /* ItemsList_TransitionTests.swift */; };
		6CC9A9B22A630EDA00599A6D /* ItemsList_TransitionUITests.swift in Sources */ = {isa = PBXBuildFile; fileRef = 6CC9A9B12A630EDA00599A6D /* ItemsList_TransitionUITests.swift */; };
		6CC9A9B42A630EDA00599A6D /* ItemsList_TransitionUITestsLaunchTests.swift in Sources */ = {isa = PBXBuildFile; fileRef = 6CC9A9B32A630EDA00599A6D /* ItemsList_TransitionUITestsLaunchTests.swift */; };
		6CC9A9C82A631A3100599A6D /* AppError.swift in Sources */ = {isa = PBXBuildFile; fileRef = 6CC9A9C72A631A3100599A6D /* AppError.swift */; };
		6CC9A9CC2A631B0B00599A6D /* UIView+Loader.swift in Sources */ = {isa = PBXBuildFile; fileRef = 6CC9A9CB2A631B0A00599A6D /* UIView+Loader.swift */; };
		6CC9A9CE2A631B1F00599A6D /* LoadingView.swift in Sources */ = {isa = PBXBuildFile; fileRef = 6CC9A9CD2A631B1F00599A6D /* LoadingView.swift */; };
		6CC9A9D02A631B4900599A6D /* AbstractNavigator.swift in Sources */ = {isa = PBXBuildFile; fileRef = 6CC9A9CF2A631B4900599A6D /* AbstractNavigator.swift */; };
		6CC9A9D22A631B6600599A6D /* AbstractViewController.swift in Sources */ = {isa = PBXBuildFile; fileRef = 6CC9A9D12A631B6600599A6D /* AbstractViewController.swift */; };
		6CC9A9D42A631B8300599A6D /* SnackView.swift in Sources */ = {isa = PBXBuildFile; fileRef = 6CC9A9D32A631B8300599A6D /* SnackView.swift */; };
		6CC9A9D62A631B9800599A6D /* ImageCache.swift in Sources */ = {isa = PBXBuildFile; fileRef = 6CC9A9D52A631B9800599A6D /* ImageCache.swift */; };
		6CC9A9DA2A631C5500599A6D /* UIView+Extension.swift in Sources */ = {isa = PBXBuildFile; fileRef = 6CC9A9D92A631C5500599A6D /* UIView+Extension.swift */; };
		6CC9A9DC2A631CA100599A6D /* UIImageView+Extension.swift in Sources */ = {isa = PBXBuildFile; fileRef = 6CC9A9DB2A631CA100599A6D /* UIImageView+Extension.swift */; };
		6CC9A9DE2A631CC100599A6D /* Foundation+Util.swift in Sources */ = {isa = PBXBuildFile; fileRef = 6CC9A9DD2A631CC100599A6D /* Foundation+Util.swift */; };
		6CC9A9E02A6320C500599A6D /* Constants+constraint.swift in Sources */ = {isa = PBXBuildFile; fileRef = 6CC9A9DF2A6320C500599A6D /* Constants+constraint.swift */; };
		6CC9A9E22A6320F000599A6D /* Constants+Data.swift in Sources */ = {isa = PBXBuildFile; fileRef = 6CC9A9E12A6320F000599A6D /* Constants+Data.swift */; };
		6CC9A9E42A63211B00599A6D /* Constants.swift in Sources */ = {isa = PBXBuildFile; fileRef = 6CC9A9E32A63211B00599A6D /* Constants.swift */; };
		6CC9A9E62A6321D500599A6D /* Constants+Font.swift in Sources */ = {isa = PBXBuildFile; fileRef = 6CC9A9E52A6321D500599A6D /* Constants+Font.swift */; };
		6CC9A9E92A6324B500599A6D /* Color.xcassets in Resources */ = {isa = PBXBuildFile; fileRef = 6CC9A9E82A6324B500599A6D /* Color.xcassets */; };
		6CC9A9EC2A632BE300599A6D /* UseCaseProvider.swift in Sources */ = {isa = PBXBuildFile; fileRef = 6CC9A9EB2A632BE300599A6D /* UseCaseProvider.swift */; };
		6CC9A9EF2A632C1E00599A6D /* ProductsListUseCase.swift in Sources */ = {isa = PBXBuildFile; fileRef = 6CC9A9EE2A632C1E00599A6D /* ProductsListUseCase.swift */; };
		6CC9A9F32A632D7400599A6D /* ProductsResponse.swift in Sources */ = {isa = PBXBuildFile; fileRef = 6CC9A9F22A632D7400599A6D /* ProductsResponse.swift */; };
		6CC9A9F52A632FCB00599A6D /* ProductDetailsResponse.swift in Sources */ = {isa = PBXBuildFile; fileRef = 6CC9A9F42A632FCB00599A6D /* ProductDetailsResponse.swift */; };
		6CC9A9F72A633DB200599A6D /* Product.swift in Sources */ = {isa = PBXBuildFile; fileRef = 6CC9A9F62A633DB200599A6D /* Product.swift */; };
		6CC9A9F92A633E8900599A6D /* ProductDetail.swift in Sources */ = {isa = PBXBuildFile; fileRef = 6CC9A9F82A633E8900599A6D /* ProductDetail.swift */; };
		6CC9A9FC2A633FBC00599A6D /* PProductListRepository.swift in Sources */ = {isa = PBXBuildFile; fileRef = 6CC9A9FB2A633FBC00599A6D /* PProductListRepository.swift */; };
		6CC9A9FF2A63433A00599A6D /* ProductListRepository.swift in Sources */ = {isa = PBXBuildFile; fileRef = 6CC9A9FE2A63433A00599A6D /* ProductListRepository.swift */; };
		6CC9AA022A63439A00599A6D /* ProductListDataSource.swift in Sources */ = {isa = PBXBuildFile; fileRef = 6CC9AA012A63439A00599A6D /* ProductListDataSource.swift */; };
		6CC9AA052A63440D00599A6D /* ProductListService.swift in Sources */ = {isa = PBXBuildFile; fileRef = 6CC9AA042A63440D00599A6D /* ProductListService.swift */; };
		6CC9AA072A63442D00599A6D /* AbstractService.swift in Sources */ = {isa = PBXBuildFile; fileRef = 6CC9AA062A63442D00599A6D /* AbstractService.swift */; };
		6CC9AA0A2A63450300599A6D /* ProductsListResponse+Mapper.swift in Sources */ = {isa = PBXBuildFile; fileRef = 6CC9AA092A63450300599A6D /* ProductsListResponse+Mapper.swift */; };
		6CC9AA0C2A6347A300599A6D /* ProductDetailsService.swift in Sources */ = {isa = PBXBuildFile; fileRef = 6CC9AA0B2A6347A300599A6D /* ProductDetailsService.swift */; };
		6CC9AA0E2A634CEE00599A6D /* ProductDetailsDataSource.swift in Sources */ = {isa = PBXBuildFile; fileRef = 6CC9AA0D2A634CEE00599A6D /* ProductDetailsDataSource.swift */; };
		6CC9AA102A634DA700599A6D /* ProductDetailsResponse+Mapper.swift in Sources */ = {isa = PBXBuildFile; fileRef = 6CC9AA0F2A634DA700599A6D /* ProductDetailsResponse+Mapper.swift */; };
		6CC9AA132A63ED0900599A6D /* ProductUIModel.swift in Sources */ = {isa = PBXBuildFile; fileRef = 6CC9AA122A63ED0900599A6D /* ProductUIModel.swift */; };
		6CC9AA152A63ED2300599A6D /* ProductDetailUIModel.swift in Sources */ = {isa = PBXBuildFile; fileRef = 6CC9AA142A63ED2300599A6D /* ProductDetailUIModel.swift */; };
		6CC9AA182A63EE5500599A6D /* Product+Mapper.swift in Sources */ = {isa = PBXBuildFile; fileRef = 6CC9AA172A63EE5500599A6D /* Product+Mapper.swift */; };
		6CC9AA1A2A63EE6400599A6D /* ProductDetail+Mapper.swift in Sources */ = {isa = PBXBuildFile; fileRef = 6CC9AA192A63EE6400599A6D /* ProductDetail+Mapper.swift */; };
		6CC9AA1C2A63F04600599A6D /* NSNumber&Numeric+Extenstion.swift in Sources */ = {isa = PBXBuildFile; fileRef = 6CC9AA1B2A63F04600599A6D /* NSNumber&Numeric+Extenstion.swift */; };
		6CC9AA1E2A63FBF300599A6D /* Localizable.strings in Resources */ = {isa = PBXBuildFile; fileRef = 6CC9AA1D2A63FBF300599A6D /* Localizable.strings */; };
		6CC9AA292A63FEE500599A6D /* ProductsListVC.swift in Sources */ = {isa = PBXBuildFile; fileRef = 6CC9AA282A63FEE500599A6D /* ProductsListVC.swift */; };
		6CC9AA2B2A63FF5500599A6D /* ProductCardView.swift in Sources */ = {isa = PBXBuildFile; fileRef = 6CC9AA2A2A63FF5500599A6D /* ProductCardView.swift */; };
		6CC9AA2D2A63FFB300599A6D /* StyleGuide.swift in Sources */ = {isa = PBXBuildFile; fileRef = 6CC9AA2C2A63FFB300599A6D /* StyleGuide.swift */; };
		6CC9AA2F2A6400E800599A6D /* GenericTableViewCell.swift in Sources */ = {isa = PBXBuildFile; fileRef = 6CC9AA2E2A6400E800599A6D /* GenericTableViewCell.swift */; };
		6CC9AA352A64025C00599A6D /* UITableView+Extension.swift in Sources */ = {isa = PBXBuildFile; fileRef = 6CC9AA342A64025C00599A6D /* UITableView+Extension.swift */; };
		6CC9AA372A6402E000599A6D /* ProductListViewModel.swift in Sources */ = {isa = PBXBuildFile; fileRef = 6CC9AA362A6402E000599A6D /* ProductListViewModel.swift */; };
		6CC9AA3A2A6405D500599A6D /* CardTransitionManager.swift in Sources */ = {isa = PBXBuildFile; fileRef = 6CC9AA392A6405D500599A6D /* CardTransitionManager.swift */; };
		6CC9AA402A64262D00599A6D /* UIImage+Extension.swift in Sources */ = {isa = PBXBuildFile; fileRef = 6CC9AA3F2A64262D00599A6D /* UIImage+Extension.swift */; };
		6CC9AA432A64349700599A6D /* DataUseCaseProvider.swift in Sources */ = {isa = PBXBuildFile; fileRef = 6CC9AA422A64349700599A6D /* DataUseCaseProvider.swift */; };
		6CC9AA452A6452D000599A6D /* ProductDetailsVC.swift in Sources */ = {isa = PBXBuildFile; fileRef = 6CC9AA442A6452D000599A6D /* ProductDetailsVC.swift */; };
/* End PBXBuildFile section */

/* Begin PBXContainerItemProxy section */
		6CC9A9A42A630EDA00599A6D /* PBXContainerItemProxy */ = {
			isa = PBXContainerItemProxy;
			containerPortal = 6CC9A9852A630ED900599A6D /* Project object */;
			proxyType = 1;
			remoteGlobalIDString = 6CC9A98C2A630ED900599A6D;
			remoteInfo = ItemsList_Transition;
		};
		6CC9A9AE2A630EDA00599A6D /* PBXContainerItemProxy */ = {
			isa = PBXContainerItemProxy;
			containerPortal = 6CC9A9852A630ED900599A6D /* Project object */;
			proxyType = 1;
			remoteGlobalIDString = 6CC9A98C2A630ED900599A6D;
			remoteInfo = ItemsList_Transition;
		};
/* End PBXContainerItemProxy section */

/* Begin PBXFileReference section */
		6CC9A98D2A630ED900599A6D /* ItemsList_Transition.app */ = {isa = PBXFileReference; explicitFileType = wrapper.application; includeInIndex = 0; path = ItemsList_Transition.app; sourceTree = BUILT_PRODUCTS_DIR; };
		6CC9A9902A630ED900599A6D /* AppDelegate.swift */ = {isa = PBXFileReference; lastKnownFileType = sourcecode.swift; path = AppDelegate.swift; sourceTree = "<group>"; };
		6CC9A9922A630ED900599A6D /* SceneDelegate.swift */ = {isa = PBXFileReference; lastKnownFileType = sourcecode.swift; path = SceneDelegate.swift; sourceTree = "<group>"; };
		6CC9A9992A630EDA00599A6D /* Assets.xcassets */ = {isa = PBXFileReference; lastKnownFileType = folder.assetcatalog; path = Assets.xcassets; sourceTree = "<group>"; };
		6CC9A99C2A630EDA00599A6D /* Base */ = {isa = PBXFileReference; lastKnownFileType = file.storyboard; name = Base; path = Base.lproj/LaunchScreen.storyboard; sourceTree = "<group>"; };
		6CC9A99E2A630EDA00599A6D /* Info.plist */ = {isa = PBXFileReference; lastKnownFileType = text.plist.xml; path = Info.plist; sourceTree = "<group>"; };
		6CC9A9A32A630EDA00599A6D /* ItemsList_TransitionTests.xctest */ = {isa = PBXFileReference; explicitFileType = wrapper.cfbundle; includeInIndex = 0; path = ItemsList_TransitionTests.xctest; sourceTree = BUILT_PRODUCTS_DIR; };
		6CC9A9A72A630EDA00599A6D /* ItemsList_TransitionTests.swift */ = {isa = PBXFileReference; lastKnownFileType = sourcecode.swift; path = ItemsList_TransitionTests.swift; sourceTree = "<group>"; };
		6CC9A9AD2A630EDA00599A6D /* ItemsList_TransitionUITests.xctest */ = {isa = PBXFileReference; explicitFileType = wrapper.cfbundle; includeInIndex = 0; path = ItemsList_TransitionUITests.xctest; sourceTree = BUILT_PRODUCTS_DIR; };
		6CC9A9B12A630EDA00599A6D /* ItemsList_TransitionUITests.swift */ = {isa = PBXFileReference; lastKnownFileType = sourcecode.swift; path = ItemsList_TransitionUITests.swift; sourceTree = "<group>"; };
		6CC9A9B32A630EDA00599A6D /* ItemsList_TransitionUITestsLaunchTests.swift */ = {isa = PBXFileReference; lastKnownFileType = sourcecode.swift; path = ItemsList_TransitionUITestsLaunchTests.swift; sourceTree = "<group>"; };
		6CC9A9C72A631A3100599A6D /* AppError.swift */ = {isa = PBXFileReference; lastKnownFileType = sourcecode.swift; path = AppError.swift; sourceTree = "<group>"; };
		6CC9A9CB2A631B0A00599A6D /* UIView+Loader.swift */ = {isa = PBXFileReference; lastKnownFileType = sourcecode.swift; path = "UIView+Loader.swift"; sourceTree = "<group>"; };
		6CC9A9CD2A631B1F00599A6D /* LoadingView.swift */ = {isa = PBXFileReference; lastKnownFileType = sourcecode.swift; path = LoadingView.swift; sourceTree = "<group>"; };
		6CC9A9CF2A631B4900599A6D /* AbstractNavigator.swift */ = {isa = PBXFileReference; lastKnownFileType = sourcecode.swift; path = AbstractNavigator.swift; sourceTree = "<group>"; };
		6CC9A9D12A631B6600599A6D /* AbstractViewController.swift */ = {isa = PBXFileReference; lastKnownFileType = sourcecode.swift; path = AbstractViewController.swift; sourceTree = "<group>"; };
		6CC9A9D32A631B8300599A6D /* SnackView.swift */ = {isa = PBXFileReference; lastKnownFileType = sourcecode.swift; path = SnackView.swift; sourceTree = "<group>"; };
		6CC9A9D52A631B9800599A6D /* ImageCache.swift */ = {isa = PBXFileReference; lastKnownFileType = sourcecode.swift; path = ImageCache.swift; sourceTree = "<group>"; };
		6CC9A9D92A631C5500599A6D /* UIView+Extension.swift */ = {isa = PBXFileReference; lastKnownFileType = sourcecode.swift; path = "UIView+Extension.swift"; sourceTree = "<group>"; };
		6CC9A9DB2A631CA100599A6D /* UIImageView+Extension.swift */ = {isa = PBXFileReference; lastKnownFileType = sourcecode.swift; path = "UIImageView+Extension.swift"; sourceTree = "<group>"; };
		6CC9A9DD2A631CC100599A6D /* Foundation+Util.swift */ = {isa = PBXFileReference; lastKnownFileType = sourcecode.swift; path = "Foundation+Util.swift"; sourceTree = "<group>"; };
		6CC9A9DF2A6320C500599A6D /* Constants+constraint.swift */ = {isa = PBXFileReference; lastKnownFileType = sourcecode.swift; path = "Constants+constraint.swift"; sourceTree = "<group>"; };
		6CC9A9E12A6320F000599A6D /* Constants+Data.swift */ = {isa = PBXFileReference; lastKnownFileType = sourcecode.swift; path = "Constants+Data.swift"; sourceTree = "<group>"; };
		6CC9A9E32A63211B00599A6D /* Constants.swift */ = {isa = PBXFileReference; lastKnownFileType = sourcecode.swift; path = Constants.swift; sourceTree = "<group>"; };
		6CC9A9E52A6321D500599A6D /* Constants+Font.swift */ = {isa = PBXFileReference; lastKnownFileType = sourcecode.swift; path = "Constants+Font.swift"; sourceTree = "<group>"; };
		6CC9A9E82A6324B500599A6D /* Color.xcassets */ = {isa = PBXFileReference; lastKnownFileType = folder.assetcatalog; path = Color.xcassets; sourceTree = "<group>"; };
		6CC9A9EB2A632BE300599A6D /* UseCaseProvider.swift */ = {isa = PBXFileReference; lastKnownFileType = sourcecode.swift; path = UseCaseProvider.swift; sourceTree = "<group>"; };
		6CC9A9EE2A632C1E00599A6D /* ProductsListUseCase.swift */ = {isa = PBXFileReference; lastKnownFileType = sourcecode.swift; path = ProductsListUseCase.swift; sourceTree = "<group>"; };
		6CC9A9F22A632D7400599A6D /* ProductsResponse.swift */ = {isa = PBXFileReference; lastKnownFileType = sourcecode.swift; path = ProductsResponse.swift; sourceTree = "<group>"; };
		6CC9A9F42A632FCB00599A6D /* ProductDetailsResponse.swift */ = {isa = PBXFileReference; lastKnownFileType = sourcecode.swift; path = ProductDetailsResponse.swift; sourceTree = "<group>"; };
		6CC9A9F62A633DB200599A6D /* Product.swift */ = {isa = PBXFileReference; lastKnownFileType = sourcecode.swift; path = Product.swift; sourceTree = "<group>"; };
		6CC9A9F82A633E8900599A6D /* ProductDetail.swift */ = {isa = PBXFileReference; lastKnownFileType = sourcecode.swift; path = ProductDetail.swift; sourceTree = "<group>"; };
		6CC9A9FB2A633FBC00599A6D /* PProductListRepository.swift */ = {isa = PBXFileReference; lastKnownFileType = sourcecode.swift; path = PProductListRepository.swift; sourceTree = "<group>"; };
		6CC9A9FE2A63433A00599A6D /* ProductListRepository.swift */ = {isa = PBXFileReference; lastKnownFileType = sourcecode.swift; path = ProductListRepository.swift; sourceTree = "<group>"; };
		6CC9AA012A63439A00599A6D /* ProductListDataSource.swift */ = {isa = PBXFileReference; lastKnownFileType = sourcecode.swift; path = ProductListDataSource.swift; sourceTree = "<group>"; };
		6CC9AA042A63440D00599A6D /* ProductListService.swift */ = {isa = PBXFileReference; lastKnownFileType = sourcecode.swift; path = ProductListService.swift; sourceTree = "<group>"; };
		6CC9AA062A63442D00599A6D /* AbstractService.swift */ = {isa = PBXFileReference; lastKnownFileType = sourcecode.swift; path = AbstractService.swift; sourceTree = "<group>"; };
		6CC9AA092A63450300599A6D /* ProductsListResponse+Mapper.swift */ = {isa = PBXFileReference; lastKnownFileType = sourcecode.swift; path = "ProductsListResponse+Mapper.swift"; sourceTree = "<group>"; };
		6CC9AA0B2A6347A300599A6D /* ProductDetailsService.swift */ = {isa = PBXFileReference; lastKnownFileType = sourcecode.swift; path = ProductDetailsService.swift; sourceTree = "<group>"; };
		6CC9AA0D2A634CEE00599A6D /* ProductDetailsDataSource.swift */ = {isa = PBXFileReference; lastKnownFileType = sourcecode.swift; path = ProductDetailsDataSource.swift; sourceTree = "<group>"; };
		6CC9AA0F2A634DA700599A6D /* ProductDetailsResponse+Mapper.swift */ = {isa = PBXFileReference; lastKnownFileType = sourcecode.swift; path = "ProductDetailsResponse+Mapper.swift"; sourceTree = "<group>"; };
		6CC9AA122A63ED0900599A6D /* ProductUIModel.swift */ = {isa = PBXFileReference; lastKnownFileType = sourcecode.swift; path = ProductUIModel.swift; sourceTree = "<group>"; };
		6CC9AA142A63ED2300599A6D /* ProductDetailUIModel.swift */ = {isa = PBXFileReference; lastKnownFileType = sourcecode.swift; path = ProductDetailUIModel.swift; sourceTree = "<group>"; };
		6CC9AA172A63EE5500599A6D /* Product+Mapper.swift */ = {isa = PBXFileReference; lastKnownFileType = sourcecode.swift; path = "Product+Mapper.swift"; sourceTree = "<group>"; };
		6CC9AA192A63EE6400599A6D /* ProductDetail+Mapper.swift */ = {isa = PBXFileReference; lastKnownFileType = sourcecode.swift; path = "ProductDetail+Mapper.swift"; sourceTree = "<group>"; };
		6CC9AA1B2A63F04600599A6D /* NSNumber&Numeric+Extenstion.swift */ = {isa = PBXFileReference; lastKnownFileType = sourcecode.swift; path = "NSNumber&Numeric+Extenstion.swift"; sourceTree = "<group>"; };
		6CC9AA1D2A63FBF300599A6D /* Localizable.strings */ = {isa = PBXFileReference; lastKnownFileType = text.plist.strings; path = Localizable.strings; sourceTree = "<group>"; };
		6CC9AA1F2A63FC7F00599A6D /* fr */ = {isa = PBXFileReference; lastKnownFileType = text.plist.strings; name = fr; path = fr.lproj/LaunchScreen.strings; sourceTree = "<group>"; };
		6CC9AA282A63FEE500599A6D /* ProductsListVC.swift */ = {isa = PBXFileReference; lastKnownFileType = sourcecode.swift; path = ProductsListVC.swift; sourceTree = "<group>"; };
		6CC9AA2A2A63FF5500599A6D /* ProductCardView.swift */ = {isa = PBXFileReference; lastKnownFileType = sourcecode.swift; path = ProductCardView.swift; sourceTree = "<group>"; };
		6CC9AA2C2A63FFB300599A6D /* StyleGuide.swift */ = {isa = PBXFileReference; lastKnownFileType = sourcecode.swift; path = StyleGuide.swift; sourceTree = "<group>"; };
		6CC9AA2E2A6400E800599A6D /* GenericTableViewCell.swift */ = {isa = PBXFileReference; lastKnownFileType = sourcecode.swift; path = GenericTableViewCell.swift; sourceTree = "<group>"; };
		6CC9AA342A64025C00599A6D /* UITableView+Extension.swift */ = {isa = PBXFileReference; lastKnownFileType = sourcecode.swift; path = "UITableView+Extension.swift"; sourceTree = "<group>"; };
		6CC9AA362A6402E000599A6D /* ProductListViewModel.swift */ = {isa = PBXFileReference; lastKnownFileType = sourcecode.swift; path = ProductListViewModel.swift; sourceTree = "<group>"; };
		6CC9AA392A6405D500599A6D /* CardTransitionManager.swift */ = {isa = PBXFileReference; lastKnownFileType = sourcecode.swift; path = CardTransitionManager.swift; sourceTree = "<group>"; };
		6CC9AA3F2A64262D00599A6D /* UIImage+Extension.swift */ = {isa = PBXFileReference; lastKnownFileType = sourcecode.swift; path = "UIImage+Extension.swift"; sourceTree = "<group>"; };
		6CC9AA422A64349700599A6D /* DataUseCaseProvider.swift */ = {isa = PBXFileReference; lastKnownFileType = sourcecode.swift; path = DataUseCaseProvider.swift; sourceTree = "<group>"; };
		6CC9AA442A6452D000599A6D /* ProductDetailsVC.swift */ = {isa = PBXFileReference; lastKnownFileType = sourcecode.swift; path = ProductDetailsVC.swift; sourceTree = "<group>"; };
/* End PBXFileReference section */

/* Begin PBXFrameworksBuildPhase section */
		6CC9A98A2A630ED900599A6D /* Frameworks */ = {
			isa = PBXFrameworksBuildPhase;
			buildActionMask = 2147483647;
			files = (
			);
			runOnlyForDeploymentPostprocessing = 0;
		};
		6CC9A9A02A630EDA00599A6D /* Frameworks */ = {
			isa = PBXFrameworksBuildPhase;
			buildActionMask = 2147483647;
			files = (
			);
			runOnlyForDeploymentPostprocessing = 0;
		};
		6CC9A9AA2A630EDA00599A6D /* Frameworks */ = {
			isa = PBXFrameworksBuildPhase;
			buildActionMask = 2147483647;
			files = (
			);
			runOnlyForDeploymentPostprocessing = 0;
		};
/* End PBXFrameworksBuildPhase section */

/* Begin PBXGroup section */
		6CC9A9842A630ED900599A6D = {
			isa = PBXGroup;
			children = (
				6CC9A98F2A630ED900599A6D /* ItemsList_Transition */,
				6CC9A9A62A630EDA00599A6D /* ItemsList_TransitionTests */,
				6CC9A9B02A630EDA00599A6D /* ItemsList_TransitionUITests */,
				6CC9A98E2A630ED900599A6D /* Products */,
			);
			sourceTree = "<group>";
		};
		6CC9A98E2A630ED900599A6D /* Products */ = {
			isa = PBXGroup;
			children = (
				6CC9A98D2A630ED900599A6D /* ItemsList_Transition.app */,
				6CC9A9A32A630EDA00599A6D /* ItemsList_TransitionTests.xctest */,
				6CC9A9AD2A630EDA00599A6D /* ItemsList_TransitionUITests.xctest */,
			);
			name = Products;
			sourceTree = "<group>";
		};
		6CC9A98F2A630ED900599A6D /* ItemsList_Transition */ = {
			isa = PBXGroup;
			children = (
				6CC9A9C62A631A0200599A6D /* Base */,
				6CC9A9C52A6319F800599A6D /* Data */,
				6CC9A9C42A6319F200599A6D /* Domain */,
				6CC9A9C32A6319E400599A6D /* Presentation */,
				6CC9A9C22A6319D600599A6D /* Resources */,
				6CC9A99E2A630EDA00599A6D /* Info.plist */,
			);
			path = ItemsList_Transition;
			sourceTree = "<group>";
		};
		6CC9A9A62A630EDA00599A6D /* ItemsList_TransitionTests */ = {
			isa = PBXGroup;
			children = (
				6CC9A9A72A630EDA00599A6D /* ItemsList_TransitionTests.swift */,
			);
			path = ItemsList_TransitionTests;
			sourceTree = "<group>";
		};
		6CC9A9B02A630EDA00599A6D /* ItemsList_TransitionUITests */ = {
			isa = PBXGroup;
			children = (
				6CC9A9B12A630EDA00599A6D /* ItemsList_TransitionUITests.swift */,
				6CC9A9B32A630EDA00599A6D /* ItemsList_TransitionUITestsLaunchTests.swift */,
			);
			path = ItemsList_TransitionUITests;
			sourceTree = "<group>";
		};
		6CC9A9C22A6319D600599A6D /* Resources */ = {
			isa = PBXGroup;
			children = (
				6CC9A9E82A6324B500599A6D /* Color.xcassets */,
				6CC9A9992A630EDA00599A6D /* Assets.xcassets */,
				6CC9A99B2A630EDA00599A6D /* LaunchScreen.storyboard */,
				6CC9AA1D2A63FBF300599A6D /* Localizable.strings */,
			);
			path = Resources;
			sourceTree = "<group>";
		};
		6CC9A9C32A6319E400599A6D /* Presentation */ = {
			isa = PBXGroup;
			children = (
				6CC9AA112A63ECEC00599A6D /* Models */,
				6CC9A9C92A631ADE00599A6D /* Common */,
				6CC9A9D72A631BB000599A6D /* Utils */,
				6CC9AA202A63FD1900599A6D /* Screens */,
			);
			path = Presentation;
			sourceTree = "<group>";
		};
		6CC9A9C42A6319F200599A6D /* Domain */ = {
			isa = PBXGroup;
			children = (
				6CC9A9EA2A632BD000599A6D /* DI */,
				6CC9A9ED2A632C0300599A6D /* UseCase */,
				6CC9A9F02A632C4C00599A6D /* Models */,
				6CC9A9FA2A633F8700599A6D /* Repository */,
			);
			path = Domain;
			sourceTree = "<group>";
		};
		6CC9A9C52A6319F800599A6D /* Data */ = {
			isa = PBXGroup;
			children = (
				6CC9AA412A64348B00599A6D /* DI */,
				6CC9AA032A6343FE00599A6D /* Service */,
				6CC9AA002A63438800599A6D /* DataSource */,
				6CC9A9FD2A63432200599A6D /* Repositories */,
				6CC9A9F12A632D5A00599A6D /* Model */,
				6CC9A9E12A6320F000599A6D /* Constants+Data.swift */,
			);
			path = Data;
			sourceTree = "<group>";
		};
		6CC9A9C62A631A0200599A6D /* Base */ = {
			isa = PBXGroup;
			children = (
				6CC9A9902A630ED900599A6D /* AppDelegate.swift */,
				6CC9A9922A630ED900599A6D /* SceneDelegate.swift */,
				6CC9A9C72A631A3100599A6D /* AppError.swift */,
				6CC9A9E32A63211B00599A6D /* Constants.swift */,
			);
			path = Base;
			sourceTree = "<group>";
		};
		6CC9A9C92A631ADE00599A6D /* Common */ = {
			isa = PBXGroup;
			children = (
				6CC9A9CA2A631AF600599A6D /* LoadingView */,
				6CC9A9CF2A631B4900599A6D /* AbstractNavigator.swift */,
				6CC9A9D12A631B6600599A6D /* AbstractViewController.swift */,
				6CC9A9D32A631B8300599A6D /* SnackView.swift */,
				6CC9A9D52A631B9800599A6D /* ImageCache.swift */,
			);
			path = Common;
			sourceTree = "<group>";
		};
		6CC9A9CA2A631AF600599A6D /* LoadingView */ = {
			isa = PBXGroup;
			children = (
				6CC9A9CB2A631B0A00599A6D /* UIView+Loader.swift */,
				6CC9A9CD2A631B1F00599A6D /* LoadingView.swift */,
			);
			path = LoadingView;
			sourceTree = "<group>";
		};
		6CC9A9D72A631BB000599A6D /* Utils */ = {
			isa = PBXGroup;
			children = (
				6CC9A9E72A6321F700599A6D /* Constants */,
				6CC9A9D82A631C4100599A6D /* Extensions */,
				6CC9A9DD2A631CC100599A6D /* Foundation+Util.swift */,
				6CC9AA2C2A63FFB300599A6D /* StyleGuide.swift */,
			);
			path = Utils;
			sourceTree = "<group>";
		};
		6CC9A9D82A631C4100599A6D /* Extensions */ = {
			isa = PBXGroup;
			children = (
				6CC9A9D92A631C5500599A6D /* UIView+Extension.swift */,
				6CC9A9DB2A631CA100599A6D /* UIImageView+Extension.swift */,
				6CC9AA1B2A63F04600599A6D /* NSNumber&Numeric+Extenstion.swift */,
				6CC9AA342A64025C00599A6D /* UITableView+Extension.swift */,
				6CC9AA3F2A64262D00599A6D /* UIImage+Extension.swift */,
			);
			path = Extensions;
			sourceTree = "<group>";
		};
		6CC9A9E72A6321F700599A6D /* Constants */ = {
			isa = PBXGroup;
			children = (
				6CC9A9DF2A6320C500599A6D /* Constants+constraint.swift */,
				6CC9A9E52A6321D500599A6D /* Constants+Font.swift */,
			);
			path = Constants;
			sourceTree = "<group>";
		};
		6CC9A9EA2A632BD000599A6D /* DI */ = {
			isa = PBXGroup;
			children = (
				6CC9A9EB2A632BE300599A6D /* UseCaseProvider.swift */,
			);
			path = DI;
			sourceTree = "<group>";
		};
		6CC9A9ED2A632C0300599A6D /* UseCase */ = {
			isa = PBXGroup;
			children = (
				6CC9A9EE2A632C1E00599A6D /* ProductsListUseCase.swift */,
			);
			path = UseCase;
			sourceTree = "<group>";
		};
		6CC9A9F02A632C4C00599A6D /* Models */ = {
			isa = PBXGroup;
			children = (
				6CC9A9F62A633DB200599A6D /* Product.swift */,
				6CC9A9F82A633E8900599A6D /* ProductDetail.swift */,
			);
			path = Models;
			sourceTree = "<group>";
		};
		6CC9A9F12A632D5A00599A6D /* Model */ = {
			isa = PBXGroup;
			children = (
				6CC9AA082A6344EA00599A6D /* Mappers */,
				6CC9A9F22A632D7400599A6D /* ProductsResponse.swift */,
				6CC9A9F42A632FCB00599A6D /* ProductDetailsResponse.swift */,
			);
			path = Model;
			sourceTree = "<group>";
		};
		6CC9A9FA2A633F8700599A6D /* Repository */ = {
			isa = PBXGroup;
			children = (
				6CC9A9FB2A633FBC00599A6D /* PProductListRepository.swift */,
			);
			path = Repository;
			sourceTree = "<group>";
		};
		6CC9A9FD2A63432200599A6D /* Repositories */ = {
			isa = PBXGroup;
			children = (
				6CC9A9FE2A63433A00599A6D /* ProductListRepository.swift */,
			);
			path = Repositories;
			sourceTree = "<group>";
		};
		6CC9AA002A63438800599A6D /* DataSource */ = {
			isa = PBXGroup;
			children = (
				6CC9AA012A63439A00599A6D /* ProductListDataSource.swift */,
				6CC9AA0D2A634CEE00599A6D /* ProductDetailsDataSource.swift */,
			);
			path = DataSource;
			sourceTree = "<group>";
		};
		6CC9AA032A6343FE00599A6D /* Service */ = {
			isa = PBXGroup;
			children = (
				6CC9AA062A63442D00599A6D /* AbstractService.swift */,
				6CC9AA042A63440D00599A6D /* ProductListService.swift */,
				6CC9AA0B2A6347A300599A6D /* ProductDetailsService.swift */,
			);
			path = Service;
			sourceTree = "<group>";
		};
		6CC9AA082A6344EA00599A6D /* Mappers */ = {
			isa = PBXGroup;
			children = (
				6CC9AA092A63450300599A6D /* ProductsListResponse+Mapper.swift */,
				6CC9AA0F2A634DA700599A6D /* ProductDetailsResponse+Mapper.swift */,
			);
			path = Mappers;
			sourceTree = "<group>";
		};
		6CC9AA112A63ECEC00599A6D /* Models */ = {
			isa = PBXGroup;
			children = (
				6CC9AA162A63EE2000599A6D /* Mapper */,
				6CC9AA122A63ED0900599A6D /* ProductUIModel.swift */,
				6CC9AA142A63ED2300599A6D /* ProductDetailUIModel.swift */,
			);
			path = Models;
			sourceTree = "<group>";
		};
		6CC9AA162A63EE2000599A6D /* Mapper */ = {
			isa = PBXGroup;
			children = (
				6CC9AA172A63EE5500599A6D /* Product+Mapper.swift */,
				6CC9AA192A63EE6400599A6D /* ProductDetail+Mapper.swift */,
			);
			path = Mapper;
			sourceTree = "<group>";
		};
		6CC9AA202A63FD1900599A6D /* Screens */ = {
			isa = PBXGroup;
			children = (
				6CC9AA382A6405CA00599A6D /* Transitions */,
				6CC9AA272A63FE9700599A6D /* ProductDetails */,
				6CC9AA262A63FE8B00599A6D /* ProductsList */,
				6CC9AA212A63FD2300599A6D /* SplashView */,
			);
			path = Screens;
			sourceTree = "<group>";
		};
		6CC9AA212A63FD2300599A6D /* SplashView */ = {
			isa = PBXGroup;
			children = (
			);
			path = SplashView;
			sourceTree = "<group>";
		};
		6CC9AA262A63FE8B00599A6D /* ProductsList */ = {
			isa = PBXGroup;
			children = (
				6CC9AA282A63FEE500599A6D /* ProductsListVC.swift */,
				6CC9AA2A2A63FF5500599A6D /* ProductCardView.swift */,
				6CC9AA2E2A6400E800599A6D /* GenericTableViewCell.swift */,
				6CC9AA362A6402E000599A6D /* ProductListViewModel.swift */,
			);
			path = ProductsList;
			sourceTree = "<group>";
		};
		6CC9AA272A63FE9700599A6D /* ProductDetails */ = {
			isa = PBXGroup;
			children = (
				6CC9AA442A6452D000599A6D /* ProductDetailsVC.swift */,
			);
			path = ProductDetails;
			sourceTree = "<group>";
		};
		6CC9AA382A6405CA00599A6D /* Transitions */ = {
			isa = PBXGroup;
			children = (
				6CC9AA392A6405D500599A6D /* CardTransitionManager.swift */,
			);
			path = Transitions;
			sourceTree = "<group>";
		};
		6CC9AA412A64348B00599A6D /* DI */ = {
			isa = PBXGroup;
			children = (
				6CC9AA422A64349700599A6D /* DataUseCaseProvider.swift */,
			);
			path = DI;
			sourceTree = "<group>";
		};
/* End PBXGroup section */

/* Begin PBXNativeTarget section */
		6CC9A98C2A630ED900599A6D /* ItemsList_Transition */ = {
			isa = PBXNativeTarget;
			buildConfigurationList = 6CC9A9B72A630EDA00599A6D /* Build configuration list for PBXNativeTarget "ItemsList_Transition" */;
			buildPhases = (
				6CC9A9892A630ED900599A6D /* Sources */,
				6CC9A98A2A630ED900599A6D /* Frameworks */,
				6CC9A98B2A630ED900599A6D /* Resources */,
			);
			buildRules = (
			);
			dependencies = (
			);
			name = ItemsList_Transition;
			productName = ItemsList_Transition;
			productReference = 6CC9A98D2A630ED900599A6D /* ItemsList_Transition.app */;
			productType = "com.apple.product-type.application";
		};
		6CC9A9A22A630EDA00599A6D /* ItemsList_TransitionTests */ = {
			isa = PBXNativeTarget;
			buildConfigurationList = 6CC9A9BA2A630EDA00599A6D /* Build configuration list for PBXNativeTarget "ItemsList_TransitionTests" */;
			buildPhases = (
				6CC9A99F2A630EDA00599A6D /* Sources */,
				6CC9A9A02A630EDA00599A6D /* Frameworks */,
				6CC9A9A12A630EDA00599A6D /* Resources */,
			);
			buildRules = (
			);
			dependencies = (
				6CC9A9A52A630EDA00599A6D /* PBXTargetDependency */,
			);
			name = ItemsList_TransitionTests;
			productName = ItemsList_TransitionTests;
			productReference = 6CC9A9A32A630EDA00599A6D /* ItemsList_TransitionTests.xctest */;
			productType = "com.apple.product-type.bundle.unit-test";
		};
		6CC9A9AC2A630EDA00599A6D /* ItemsList_TransitionUITests */ = {
			isa = PBXNativeTarget;
			buildConfigurationList = 6CC9A9BD2A630EDA00599A6D /* Build configuration list for PBXNativeTarget "ItemsList_TransitionUITests" */;
			buildPhases = (
				6CC9A9A92A630EDA00599A6D /* Sources */,
				6CC9A9AA2A630EDA00599A6D /* Frameworks */,
				6CC9A9AB2A630EDA00599A6D /* Resources */,
			);
			buildRules = (
			);
			dependencies = (
				6CC9A9AF2A630EDA00599A6D /* PBXTargetDependency */,
			);
			name = ItemsList_TransitionUITests;
			productName = ItemsList_TransitionUITests;
			productReference = 6CC9A9AD2A630EDA00599A6D /* ItemsList_TransitionUITests.xctest */;
			productType = "com.apple.product-type.bundle.ui-testing";
		};
/* End PBXNativeTarget section */

/* Begin PBXProject section */
		6CC9A9852A630ED900599A6D /* Project object */ = {
			isa = PBXProject;
			attributes = {
				BuildIndependentTargetsInParallel = 1;
				LastSwiftUpdateCheck = 1400;
				LastUpgradeCheck = 1400;
				TargetAttributes = {
					6CC9A98C2A630ED900599A6D = {
						CreatedOnToolsVersion = 14.0.1;
					};
					6CC9A9A22A630EDA00599A6D = {
						CreatedOnToolsVersion = 14.0.1;
						TestTargetID = 6CC9A98C2A630ED900599A6D;
					};
					6CC9A9AC2A630EDA00599A6D = {
						CreatedOnToolsVersion = 14.0.1;
						TestTargetID = 6CC9A98C2A630ED900599A6D;
					};
				};
			};
			buildConfigurationList = 6CC9A9882A630ED900599A6D /* Build configuration list for PBXProject "ItemsList_Transition" */;
			compatibilityVersion = "Xcode 14.0";
			developmentRegion = en;
			hasScannedForEncodings = 0;
			knownRegions = (
				en,
				Base,
				fr,
			);
			mainGroup = 6CC9A9842A630ED900599A6D;
			productRefGroup = 6CC9A98E2A630ED900599A6D /* Products */;
			projectDirPath = "";
			projectRoot = "";
			targets = (
				6CC9A98C2A630ED900599A6D /* ItemsList_Transition */,
				6CC9A9A22A630EDA00599A6D /* ItemsList_TransitionTests */,
				6CC9A9AC2A630EDA00599A6D /* ItemsList_TransitionUITests */,
			);
		};
/* End PBXProject section */

/* Begin PBXResourcesBuildPhase section */
		6CC9A98B2A630ED900599A6D /* Resources */ = {
			isa = PBXResourcesBuildPhase;
			buildActionMask = 2147483647;
			files = (
				6CC9A99D2A630EDA00599A6D /* LaunchScreen.storyboard in Resources */,
				6CC9AA1E2A63FBF300599A6D /* Localizable.strings in Resources */,
				6CC9A99A2A630EDA00599A6D /* Assets.xcassets in Resources */,
				6CC9A9E92A6324B500599A6D /* Color.xcassets in Resources */,
			);
			runOnlyForDeploymentPostprocessing = 0;
		};
		6CC9A9A12A630EDA00599A6D /* Resources */ = {
			isa = PBXResourcesBuildPhase;
			buildActionMask = 2147483647;
			files = (
			);
			runOnlyForDeploymentPostprocessing = 0;
		};
		6CC9A9AB2A630EDA00599A6D /* Resources */ = {
			isa = PBXResourcesBuildPhase;
			buildActionMask = 2147483647;
			files = (
			);
			runOnlyForDeploymentPostprocessing = 0;
		};
/* End PBXResourcesBuildPhase section */

/* Begin PBXSourcesBuildPhase section */
		6CC9A9892A630ED900599A6D /* Sources */ = {
			isa = PBXSourcesBuildPhase;
			buildActionMask = 2147483647;
			files = (
				6CC9AA052A63440D00599A6D /* ProductListService.swift in Sources */,
				6CC9AA452A6452D000599A6D /* ProductDetailsVC.swift in Sources */,
				6CC9A9DA2A631C5500599A6D /* UIView+Extension.swift in Sources */,
				6CC9A9EF2A632C1E00599A6D /* ProductsListUseCase.swift in Sources */,
				6CC9AA1C2A63F04600599A6D /* NSNumber&Numeric+Extenstion.swift in Sources */,
				6CC9AA2F2A6400E800599A6D /* GenericTableViewCell.swift in Sources */,
				6CC9A9D62A631B9800599A6D /* ImageCache.swift in Sources */,
				6CC9AA432A64349700599A6D /* DataUseCaseProvider.swift in Sources */,
				6CC9AA102A634DA700599A6D /* ProductDetailsResponse+Mapper.swift in Sources */,
				6CC9AA0C2A6347A300599A6D /* ProductDetailsService.swift in Sources */,
				6CC9A9C82A631A3100599A6D /* AppError.swift in Sources */,
				6CC9AA402A64262D00599A6D /* UIImage+Extension.swift in Sources */,
				6CC9A9FC2A633FBC00599A6D /* PProductListRepository.swift in Sources */,
				6CC9A9CC2A631B0B00599A6D /* UIView+Loader.swift in Sources */,
				6CC9AA352A64025C00599A6D /* UITableView+Extension.swift in Sources */,
				6CC9AA182A63EE5500599A6D /* Product+Mapper.swift in Sources */,
				6CC9A9F72A633DB200599A6D /* Product.swift in Sources */,
				6CC9A9DE2A631CC100599A6D /* Foundation+Util.swift in Sources */,
				6CC9A9E42A63211B00599A6D /* Constants.swift in Sources */,
				6CC9AA0A2A63450300599A6D /* ProductsListResponse+Mapper.swift in Sources */,
				6CC9A9E22A6320F000599A6D /* Constants+Data.swift in Sources */,
				6CC9AA0E2A634CEE00599A6D /* ProductDetailsDataSource.swift in Sources */,
				6CC9A9E62A6321D500599A6D /* Constants+Font.swift in Sources */,
				6CC9AA2D2A63FFB300599A6D /* StyleGuide.swift in Sources */,
				6CC9A9F52A632FCB00599A6D /* ProductDetailsResponse.swift in Sources */,
				6CC9AA072A63442D00599A6D /* AbstractService.swift in Sources */,
				6CC9A9D42A631B8300599A6D /* SnackView.swift in Sources */,
				6CC9AA022A63439A00599A6D /* ProductListDataSource.swift in Sources */,
				6CC9AA1A2A63EE6400599A6D /* ProductDetail+Mapper.swift in Sources */,
				6CC9A9D22A631B6600599A6D /* AbstractViewController.swift in Sources */,
				6CC9AA2B2A63FF5500599A6D /* ProductCardView.swift in Sources */,
				6CC9A9DC2A631CA100599A6D /* UIImageView+Extension.swift in Sources */,
				6CC9A9F92A633E8900599A6D /* ProductDetail.swift in Sources */,
				6CC9AA132A63ED0900599A6D /* ProductUIModel.swift in Sources */,
				6CC9A9FF2A63433A00599A6D /* ProductListRepository.swift in Sources */,
				6CC9A9D02A631B4900599A6D /* AbstractNavigator.swift in Sources */,
				6CC9A9912A630ED900599A6D /* AppDelegate.swift in Sources */,
				6CC9AA152A63ED2300599A6D /* ProductDetailUIModel.swift in Sources */,
				6CC9AA292A63FEE500599A6D /* ProductsListVC.swift in Sources */,
				6CC9A9F32A632D7400599A6D /* ProductsResponse.swift in Sources */,
				6CC9A9E02A6320C500599A6D /* Constants+constraint.swift in Sources */,
				6CC9AA372A6402E000599A6D /* ProductListViewModel.swift in Sources */,
				6CC9A9932A630ED900599A6D /* SceneDelegate.swift in Sources */,
				6CC9A9EC2A632BE300599A6D /* UseCaseProvider.swift in Sources */,
				6CC9AA3A2A6405D500599A6D /* CardTransitionManager.swift in Sources */,
				6CC9A9CE2A631B1F00599A6D /* LoadingView.swift in Sources */,
			);
			runOnlyForDeploymentPostprocessing = 0;
		};
		6CC9A99F2A630EDA00599A6D /* Sources */ = {
			isa = PBXSourcesBuildPhase;
			buildActionMask = 2147483647;
			files = (
				6CC9A9A82A630EDA00599A6D /* ItemsList_TransitionTests.swift in Sources */,
			);
			runOnlyForDeploymentPostprocessing = 0;
		};
		6CC9A9A92A630EDA00599A6D /* Sources */ = {
			isa = PBXSourcesBuildPhase;
			buildActionMask = 2147483647;
			files = (
				6CC9A9B42A630EDA00599A6D /* ItemsList_TransitionUITestsLaunchTests.swift in Sources */,
				6CC9A9B22A630EDA00599A6D /* ItemsList_TransitionUITests.swift in Sources */,
			);
			runOnlyForDeploymentPostprocessing = 0;
		};
/* End PBXSourcesBuildPhase section */

/* Begin PBXTargetDependency section */
		6CC9A9A52A630EDA00599A6D /* PBXTargetDependency */ = {
			isa = PBXTargetDependency;
			target = 6CC9A98C2A630ED900599A6D /* ItemsList_Transition */;
			targetProxy = 6CC9A9A42A630EDA00599A6D /* PBXContainerItemProxy */;
		};
		6CC9A9AF2A630EDA00599A6D /* PBXTargetDependency */ = {
			isa = PBXTargetDependency;
			target = 6CC9A98C2A630ED900599A6D /* ItemsList_Transition */;
			targetProxy = 6CC9A9AE2A630EDA00599A6D /* PBXContainerItemProxy */;
		};
/* End PBXTargetDependency section */

/* Begin PBXVariantGroup section */
		6CC9A99B2A630EDA00599A6D /* LaunchScreen.storyboard */ = {
			isa = PBXVariantGroup;
			children = (
				6CC9A99C2A630EDA00599A6D /* Base */,
				6CC9AA1F2A63FC7F00599A6D /* fr */,
			);
			name = LaunchScreen.storyboard;
			sourceTree = "<group>";
		};
/* End PBXVariantGroup section */

/* Begin XCBuildConfiguration section */
		6CC9A9B52A630EDA00599A6D /* Debug */ = {
			isa = XCBuildConfiguration;
			buildSettings = {
				ALWAYS_SEARCH_USER_PATHS = NO;
				CLANG_ANALYZER_LOCALIZABILITY_NONLOCALIZED = YES;
				CLANG_ANALYZER_NONNULL = YES;
				CLANG_ANALYZER_NUMBER_OBJECT_CONVERSION = YES_AGGRESSIVE;
				CLANG_CXX_LANGUAGE_STANDARD = "gnu++20";
				CLANG_ENABLE_MODULES = YES;
				CLANG_ENABLE_OBJC_ARC = YES;
				CLANG_ENABLE_OBJC_WEAK = YES;
				CLANG_WARN_BLOCK_CAPTURE_AUTORELEASING = YES;
				CLANG_WARN_BOOL_CONVERSION = YES;
				CLANG_WARN_COMMA = YES;
				CLANG_WARN_CONSTANT_CONVERSION = YES;
				CLANG_WARN_DEPRECATED_OBJC_IMPLEMENTATIONS = YES;
				CLANG_WARN_DIRECT_OBJC_ISA_USAGE = YES_ERROR;
				CLANG_WARN_DOCUMENTATION_COMMENTS = YES;
				CLANG_WARN_EMPTY_BODY = YES;
				CLANG_WARN_ENUM_CONVERSION = YES;
				CLANG_WARN_INFINITE_RECURSION = YES;
				CLANG_WARN_INT_CONVERSION = YES;
				CLANG_WARN_NON_LITERAL_NULL_CONVERSION = YES;
				CLANG_WARN_OBJC_IMPLICIT_RETAIN_SELF = YES;
				CLANG_WARN_OBJC_LITERAL_CONVERSION = YES;
				CLANG_WARN_OBJC_ROOT_CLASS = YES_ERROR;
				CLANG_WARN_QUOTED_INCLUDE_IN_FRAMEWORK_HEADER = YES;
				CLANG_WARN_RANGE_LOOP_ANALYSIS = YES;
				CLANG_WARN_STRICT_PROTOTYPES = YES;
				CLANG_WARN_SUSPICIOUS_MOVE = YES;
				CLANG_WARN_UNGUARDED_AVAILABILITY = YES_AGGRESSIVE;
				CLANG_WARN_UNREACHABLE_CODE = YES;
				CLANG_WARN__DUPLICATE_METHOD_MATCH = YES;
				COPY_PHASE_STRIP = NO;
				DEBUG_INFORMATION_FORMAT = dwarf;
				ENABLE_STRICT_OBJC_MSGSEND = YES;
				ENABLE_TESTABILITY = YES;
				GCC_C_LANGUAGE_STANDARD = gnu11;
				GCC_DYNAMIC_NO_PIC = NO;
				GCC_NO_COMMON_BLOCKS = YES;
				GCC_OPTIMIZATION_LEVEL = 0;
				GCC_PREPROCESSOR_DEFINITIONS = (
					"DEBUG=1",
					"$(inherited)",
				);
				GCC_WARN_64_TO_32_BIT_CONVERSION = YES;
				GCC_WARN_ABOUT_RETURN_TYPE = YES_ERROR;
				GCC_WARN_UNDECLARED_SELECTOR = YES;
				GCC_WARN_UNINITIALIZED_AUTOS = YES_AGGRESSIVE;
				GCC_WARN_UNUSED_FUNCTION = YES;
				GCC_WARN_UNUSED_VARIABLE = YES;
				IBSC_FLATTEN_NIBS = YES;
				INFOPLIST_KEY_UIMainStoryboardFile = "";
				IPHONEOS_DEPLOYMENT_TARGET = 16.0;
				MTL_ENABLE_DEBUG_INFO = INCLUDE_SOURCE;
				MTL_FAST_MATH = YES;
				ONLY_ACTIVE_ARCH = YES;
				SDKROOT = iphoneos;
				SWIFT_ACTIVE_COMPILATION_CONDITIONS = DEBUG;
				SWIFT_OPTIMIZATION_LEVEL = "-Onone";
			};
			name = Debug;
		};
		6CC9A9B62A630EDA00599A6D /* Release */ = {
			isa = XCBuildConfiguration;
			buildSettings = {
				ALWAYS_SEARCH_USER_PATHS = NO;
				CLANG_ANALYZER_LOCALIZABILITY_NONLOCALIZED = YES;
				CLANG_ANALYZER_NONNULL = YES;
				CLANG_ANALYZER_NUMBER_OBJECT_CONVERSION = YES_AGGRESSIVE;
				CLANG_CXX_LANGUAGE_STANDARD = "gnu++20";
				CLANG_ENABLE_MODULES = YES;
				CLANG_ENABLE_OBJC_ARC = YES;
				CLANG_ENABLE_OBJC_WEAK = YES;
				CLANG_WARN_BLOCK_CAPTURE_AUTORELEASING = YES;
				CLANG_WARN_BOOL_CONVERSION = YES;
				CLANG_WARN_COMMA = YES;
				CLANG_WARN_CONSTANT_CONVERSION = YES;
				CLANG_WARN_DEPRECATED_OBJC_IMPLEMENTATIONS = YES;
				CLANG_WARN_DIRECT_OBJC_ISA_USAGE = YES_ERROR;
				CLANG_WARN_DOCUMENTATION_COMMENTS = YES;
				CLANG_WARN_EMPTY_BODY = YES;
				CLANG_WARN_ENUM_CONVERSION = YES;
				CLANG_WARN_INFINITE_RECURSION = YES;
				CLANG_WARN_INT_CONVERSION = YES;
				CLANG_WARN_NON_LITERAL_NULL_CONVERSION = YES;
				CLANG_WARN_OBJC_IMPLICIT_RETAIN_SELF = YES;
				CLANG_WARN_OBJC_LITERAL_CONVERSION = YES;
				CLANG_WARN_OBJC_ROOT_CLASS = YES_ERROR;
				CLANG_WARN_QUOTED_INCLUDE_IN_FRAMEWORK_HEADER = YES;
				CLANG_WARN_RANGE_LOOP_ANALYSIS = YES;
				CLANG_WARN_STRICT_PROTOTYPES = YES;
				CLANG_WARN_SUSPICIOUS_MOVE = YES;
				CLANG_WARN_UNGUARDED_AVAILABILITY = YES_AGGRESSIVE;
				CLANG_WARN_UNREACHABLE_CODE = YES;
				CLANG_WARN__DUPLICATE_METHOD_MATCH = YES;
				COPY_PHASE_STRIP = NO;
				DEBUG_INFORMATION_FORMAT = "dwarf-with-dsym";
				ENABLE_NS_ASSERTIONS = NO;
				ENABLE_STRICT_OBJC_MSGSEND = YES;
				GCC_C_LANGUAGE_STANDARD = gnu11;
				GCC_NO_COMMON_BLOCKS = YES;
				GCC_WARN_64_TO_32_BIT_CONVERSION = YES;
				GCC_WARN_ABOUT_RETURN_TYPE = YES_ERROR;
				GCC_WARN_UNDECLARED_SELECTOR = YES;
				GCC_WARN_UNINITIALIZED_AUTOS = YES_AGGRESSIVE;
				GCC_WARN_UNUSED_FUNCTION = YES;
				GCC_WARN_UNUSED_VARIABLE = YES;
				IBSC_FLATTEN_NIBS = YES;
				INFOPLIST_KEY_UIMainStoryboardFile = "";
				IPHONEOS_DEPLOYMENT_TARGET = 16.0;
				MTL_ENABLE_DEBUG_INFO = NO;
				MTL_FAST_MATH = YES;
				SDKROOT = iphoneos;
				SWIFT_COMPILATION_MODE = wholemodule;
				SWIFT_OPTIMIZATION_LEVEL = "-O";
				VALIDATE_PRODUCT = YES;
			};
			name = Release;
		};
		6CC9A9B82A630EDA00599A6D /* Debug */ = {
			isa = XCBuildConfiguration;
			buildSettings = {
				ASSETCATALOG_COMPILER_APPICON_NAME = AppIcon;
				ASSETCATALOG_COMPILER_GLOBAL_ACCENT_COLOR_NAME = AccentColor;
				CODE_SIGN_STYLE = Automatic;
				CURRENT_PROJECT_VERSION = 1;
				DEVELOPMENT_TEAM = P96Y7H372U;
				GENERATE_INFOPLIST_FILE = YES;
				INFOPLIST_FILE = ItemsList_Transition/Info.plist;
				INFOPLIST_KEY_UIApplicationSupportsIndirectInputEvents = YES;
				INFOPLIST_KEY_UILaunchStoryboardName = LaunchScreen;
				INFOPLIST_KEY_UIMainStoryboardFile = "";
				INFOPLIST_KEY_UISupportedInterfaceOrientations_iPad = "UIInterfaceOrientationPortrait UIInterfaceOrientationPortraitUpsideDown UIInterfaceOrientationLandscapeLeft UIInterfaceOrientationLandscapeRight";
				INFOPLIST_KEY_UISupportedInterfaceOrientations_iPhone = "UIInterfaceOrientationPortrait UIInterfaceOrientationLandscapeLeft UIInterfaceOrientationLandscapeRight";
				LD_RUNPATH_SEARCH_PATHS = (
					"$(inherited)",
					"@executable_path/Frameworks",
				);
				MARKETING_VERSION = 1.0;
				PRODUCT_BUNDLE_IDENTIFIER = "MyProject.ItemsList-Transition";
				PRODUCT_NAME = "$(TARGET_NAME)";
				SWIFT_EMIT_LOC_STRINGS = YES;
				SWIFT_VERSION = 5.0;
				TARGETED_DEVICE_FAMILY = "1,2";
			};
			name = Debug;
		};
		6CC9A9B92A630EDA00599A6D /* Release */ = {
			isa = XCBuildConfiguration;
			buildSettings = {
				ASSETCATALOG_COMPILER_APPICON_NAME = AppIcon;
				ASSETCATALOG_COMPILER_GLOBAL_ACCENT_COLOR_NAME = AccentColor;
				CODE_SIGN_STYLE = Automatic;
				CURRENT_PROJECT_VERSION = 1;
				DEVELOPMENT_TEAM = P96Y7H372U;
				GENERATE_INFOPLIST_FILE = YES;
				INFOPLIST_FILE = ItemsList_Transition/Info.plist;
				INFOPLIST_KEY_UIApplicationSupportsIndirectInputEvents = YES;
				INFOPLIST_KEY_UILaunchStoryboardName = LaunchScreen;
				INFOPLIST_KEY_UIMainStoryboardFile = "";
				INFOPLIST_KEY_UISupportedInterfaceOrientations_iPad = "UIInterfaceOrientationPortrait UIInterfaceOrientationPortraitUpsideDown UIInterfaceOrientationLandscapeLeft UIInterfaceOrientationLandscapeRight";
				INFOPLIST_KEY_UISupportedInterfaceOrientations_iPhone = "UIInterfaceOrientationPortrait UIInterfaceOrientationLandscapeLeft UIInterfaceOrientationLandscapeRight";
				LD_RUNPATH_SEARCH_PATHS = (
					"$(inherited)",
					"@executable_path/Frameworks",
				);
				MARKETING_VERSION = 1.0;
				PRODUCT_BUNDLE_IDENTIFIER = "MyProject.ItemsList-Transition";
				PRODUCT_NAME = "$(TARGET_NAME)";
				SWIFT_EMIT_LOC_STRINGS = YES;
				SWIFT_VERSION = 5.0;
				TARGETED_DEVICE_FAMILY = "1,2";
			};
			name = Release;
		};
		6CC9A9BB2A630EDA00599A6D /* Debug */ = {
			isa = XCBuildConfiguration;
			buildSettings = {
				ALWAYS_EMBED_SWIFT_STANDARD_LIBRARIES = YES;
				BUNDLE_LOADER = "$(TEST_HOST)";
				CODE_SIGN_STYLE = Automatic;
				CURRENT_PROJECT_VERSION = 1;
				DEVELOPMENT_TEAM = P96Y7H372U;
				GENERATE_INFOPLIST_FILE = YES;
				IPHONEOS_DEPLOYMENT_TARGET = 16.0;
				MARKETING_VERSION = 1.0;
				PRODUCT_BUNDLE_IDENTIFIER = "MyProject.ItemsList-TransitionTests";
				PRODUCT_NAME = "$(TARGET_NAME)";
				SWIFT_EMIT_LOC_STRINGS = NO;
				SWIFT_VERSION = 5.0;
				TARGETED_DEVICE_FAMILY = "1,2";
				TEST_HOST = "$(BUILT_PRODUCTS_DIR)/ItemsList_Transition.app/$(BUNDLE_EXECUTABLE_FOLDER_PATH)/ItemsList_Transition";
			};
			name = Debug;
		};
		6CC9A9BC2A630EDA00599A6D /* Release */ = {
			isa = XCBuildConfiguration;
			buildSettings = {
				ALWAYS_EMBED_SWIFT_STANDARD_LIBRARIES = YES;
				BUNDLE_LOADER = "$(TEST_HOST)";
				CODE_SIGN_STYLE = Automatic;
				CURRENT_PROJECT_VERSION = 1;
				DEVELOPMENT_TEAM = P96Y7H372U;
				GENERATE_INFOPLIST_FILE = YES;
				IPHONEOS_DEPLOYMENT_TARGET = 16.0;
				MARKETING_VERSION = 1.0;
				PRODUCT_BUNDLE_IDENTIFIER = "MyProject.ItemsList-TransitionTests";
				PRODUCT_NAME = "$(TARGET_NAME)";
				SWIFT_EMIT_LOC_STRINGS = NO;
				SWIFT_VERSION = 5.0;
				TARGETED_DEVICE_FAMILY = "1,2";
				TEST_HOST = "$(BUILT_PRODUCTS_DIR)/ItemsList_Transition.app/$(BUNDLE_EXECUTABLE_FOLDER_PATH)/ItemsList_Transition";
			};
			name = Release;
		};
		6CC9A9BE2A630EDA00599A6D /* Debug */ = {
			isa = XCBuildConfiguration;
			buildSettings = {
				ALWAYS_EMBED_SWIFT_STANDARD_LIBRARIES = YES;
				CODE_SIGN_STYLE = Automatic;
				CURRENT_PROJECT_VERSION = 1;
				DEVELOPMENT_TEAM = P96Y7H372U;
				GENERATE_INFOPLIST_FILE = YES;
				MARKETING_VERSION = 1.0;
				PRODUCT_BUNDLE_IDENTIFIER = "MyProject.ItemsList-TransitionUITests";
				PRODUCT_NAME = "$(TARGET_NAME)";
				SWIFT_EMIT_LOC_STRINGS = NO;
				SWIFT_VERSION = 5.0;
				TARGETED_DEVICE_FAMILY = "1,2";
				TEST_TARGET_NAME = ItemsList_Transition;
			};
			name = Debug;
		};
		6CC9A9BF2A630EDA00599A6D /* Release */ = {
			isa = XCBuildConfiguration;
			buildSettings = {
				ALWAYS_EMBED_SWIFT_STANDARD_LIBRARIES = YES;
				CODE_SIGN_STYLE = Automatic;
				CURRENT_PROJECT_VERSION = 1;
				DEVELOPMENT_TEAM = P96Y7H372U;
				GENERATE_INFOPLIST_FILE = YES;
				MARKETING_VERSION = 1.0;
				PRODUCT_BUNDLE_IDENTIFIER = "MyProject.ItemsList-TransitionUITests";
				PRODUCT_NAME = "$(TARGET_NAME)";
				SWIFT_EMIT_LOC_STRINGS = NO;
				SWIFT_VERSION = 5.0;
				TARGETED_DEVICE_FAMILY = "1,2";
				TEST_TARGET_NAME = ItemsList_Transition;
			};
			name = Release;
		};
/* End XCBuildConfiguration section */

/* Begin XCConfigurationList section */
		6CC9A9882A630ED900599A6D /* Build configuration list for PBXProject "ItemsList_Transition" */ = {
			isa = XCConfigurationList;
			buildConfigurations = (
				6CC9A9B52A630EDA00599A6D /* Debug */,
				6CC9A9B62A630EDA00599A6D /* Release */,
			);
			defaultConfigurationIsVisible = 0;
			defaultConfigurationName = Release;
		};
		6CC9A9B72A630EDA00599A6D /* Build configuration list for PBXNativeTarget "ItemsList_Transition" */ = {
			isa = XCConfigurationList;
			buildConfigurations = (
				6CC9A9B82A630EDA00599A6D /* Debug */,
				6CC9A9B92A630EDA00599A6D /* Release */,
			);
			defaultConfigurationIsVisible = 0;
			defaultConfigurationName = Release;
		};
		6CC9A9BA2A630EDA00599A6D /* Build configuration list for PBXNativeTarget "ItemsList_TransitionTests" */ = {
			isa = XCConfigurationList;
			buildConfigurations = (
				6CC9A9BB2A630EDA00599A6D /* Debug */,
				6CC9A9BC2A630EDA00599A6D /* Release */,
			);
			defaultConfigurationIsVisible = 0;
			defaultConfigurationName = Release;
		};
		6CC9A9BD2A630EDA00599A6D /* Build configuration list for PBXNativeTarget "ItemsList_TransitionUITests" */ = {
			isa = XCConfigurationList;
			buildConfigurations = (
				6CC9A9BE2A630EDA00599A6D /* Debug */,
				6CC9A9BF2A630EDA00599A6D /* Release */,
			);
			defaultConfigurationIsVisible = 0;
			defaultConfigurationName = Release;
		};
/* End XCConfigurationList section */
	};
	rootObject = 6CC9A9852A630ED900599A6D /* Project object */;
}
